// !$*UTF8*$!
{
	archiveVersion = 1;
	classes = {
	};
	objectVersion = 46;
	objects = {

/* Begin PBXBuildFile section */
		AB184AD019E85C5E007CC9DA /* FRYEventMonitor.m in Sources */ = {isa = PBXBuildFile; fileRef = AB35FD6419E4ECF200228531 /* FRYEventMonitor.m */; };
		AB184AD419E85F49007CC9DA /* UIApplication+FRY.m in Sources */ = {isa = PBXBuildFile; fileRef = AB35FCDB19DFA30B00228531 /* UIApplication+FRY.m */; };
		AB184AE819E8E0CC007CC9DA /* FRYPointInTime.m in Sources */ = {isa = PBXBuildFile; fileRef = AB184AE019E8E0CC007CC9DA /* FRYPointInTime.m */; };
		AB184AE919E8E0CC007CC9DA /* FRYRecordedTouch.m in Sources */ = {isa = PBXBuildFile; fileRef = AB184AE219E8E0CC007CC9DA /* FRYRecordedTouch.m */; };
		AB184AEA19E8E0CC007CC9DA /* FRYSimulatedTouch.m in Sources */ = {isa = PBXBuildFile; fileRef = AB184AE519E8E0CC007CC9DA /* FRYSimulatedTouch.m */; };
		AB184AEB19E8E0CC007CC9DA /* FRYSyntheticTouch.m in Sources */ = {isa = PBXBuildFile; fileRef = AB184AE719E8E0CC007CC9DA /* FRYSyntheticTouch.m */; };
		AB184AEE19E8EEC0007CC9DA /* NSRunLoop+FRY.m in Sources */ = {isa = PBXBuildFile; fileRef = AB184AED19E8EEC0007CC9DA /* NSRunLoop+FRY.m */; };
		AB184AF119EA087D007CC9DA /* FRYTouchEventLog.m in Sources */ = {isa = PBXBuildFile; fileRef = AB184AF019EA087D007CC9DA /* FRYTouchEventLog.m */; };
		AB25C04019DF95AA00038E75 /* Foundation.framework in Frameworks */ = {isa = PBXBuildFile; fileRef = AB25C03F19DF95AA00038E75 /* Foundation.framework */; };
		AB25C04E19DF95AA00038E75 /* XCTest.framework in Frameworks */ = {isa = PBXBuildFile; fileRef = AB25C04D19DF95AA00038E75 /* XCTest.framework */; };
		AB25C04F19DF95AA00038E75 /* Foundation.framework in Frameworks */ = {isa = PBXBuildFile; fileRef = AB25C03F19DF95AA00038E75 /* Foundation.framework */; };
		AB25C05119DF95AA00038E75 /* UIKit.framework in Frameworks */ = {isa = PBXBuildFile; fileRef = AB25C05019DF95AA00038E75 /* UIKit.framework */; };
		AB25C05419DF95AA00038E75 /* libFRY.a in Frameworks */ = {isa = PBXBuildFile; fileRef = AB25C03C19DF95AA00038E75 /* libFRY.a */; };
		AB25C05A19DF95AA00038E75 /* InfoPlist.strings in Resources */ = {isa = PBXBuildFile; fileRef = AB25C05819DF95AA00038E75 /* InfoPlist.strings */; };
		AB25C08219DF95ED00038E75 /* UIAccessibilityElement+FRY.m in Sources */ = {isa = PBXBuildFile; fileRef = AB25C06719DF95ED00038E75 /* UIAccessibilityElement+FRY.m */; };
		AB25C08319DF95ED00038E75 /* UIView+FRY.m in Sources */ = {isa = PBXBuildFile; fileRef = AB25C06919DF95ED00038E75 /* UIView+FRY.m */; };
		AB35FCE119DFA6F200228531 /* FRYEventProxy.m in Sources */ = {isa = PBXBuildFile; fileRef = AB35FCDF19DFA6F200228531 /* FRYEventProxy.m */; };
		AB35FCE419DFAEB900228531 /* UITouch+FRY.m in Sources */ = {isa = PBXBuildFile; fileRef = AB35FCE319DFAEB900228531 /* UITouch+FRY.m */; };
		AB35FCF019DFB49100228531 /* FRYActiveTouch.m in Sources */ = {isa = PBXBuildFile; fileRef = AB35FCEB19DFB49100228531 /* FRYActiveTouch.m */; };
		AB35FD7A19E58B5C00228531 /* FRYMethodSwizzling.m in Sources */ = {isa = PBXBuildFile; fileRef = AB35FD6819E4ED6100228531 /* FRYMethodSwizzling.m */; };
		AB43FCF51A0468600049D520 /* UITextInput+FRY.m in Sources */ = {isa = PBXBuildFile; fileRef = AB43FCF41A0468600049D520 /* UITextInput+FRY.m */; };
		AB5A891B1A07147700E44C89 /* libFRY.a in Frameworks */ = {isa = PBXBuildFile; fileRef = AB25C03C19DF95AA00038E75 /* libFRY.a */; };
		ABA5781919E64AE600D77CDA /* FRYLookup.m in Sources */ = {isa = PBXBuildFile; fileRef = ABA5781119E64AE600D77CDA /* FRYLookup.m */; };
		ABA5781A19E64AE600D77CDA /* FRYLookupResult.m in Sources */ = {isa = PBXBuildFile; fileRef = ABA5781319E64AE600D77CDA /* FRYLookupResult.m */; };
		ABA5781C19E64AE600D77CDA /* NSObject+FRYLookupSupport.m in Sources */ = {isa = PBXBuildFile; fileRef = ABA5781819E64AE600D77CDA /* NSObject+FRYLookupSupport.m */; };
		ABA5782C19E65D1100D77CDA /* FRYDefines.m in Sources */ = {isa = PBXBuildFile; fileRef = ABA5782B19E65D1100D77CDA /* FRYDefines.m */; };
		ABCF04B31A054F890000318A /* FRYTouchDispatch.m in Sources */ = {isa = PBXBuildFile; fileRef = ABCF04B21A054F890000318A /* FRYTouchDispatch.m */; };
		ABCF04BD1A06AF200000318A /* main.m in Sources */ = {isa = PBXBuildFile; fileRef = ABCF04BC1A06AF200000318A /* main.m */; };
		ABCF04C01A06AF200000318A /* AppDelegate.m in Sources */ = {isa = PBXBuildFile; fileRef = ABCF04BF1A06AF200000318A /* AppDelegate.m */; };
		ABCF04C31A06AF200000318A /* MasterViewController.m in Sources */ = {isa = PBXBuildFile; fileRef = ABCF04C21A06AF200000318A /* MasterViewController.m */; };
		ABCF04C91A06AF200000318A /* Main.storyboard in Resources */ = {isa = PBXBuildFile; fileRef = ABCF04C71A06AF200000318A /* Main.storyboard */; };
		ABCF04CB1A06AF200000318A /* Images.xcassets in Resources */ = {isa = PBXBuildFile; fileRef = ABCF04CA1A06AF200000318A /* Images.xcassets */; };
		ABCF04DA1A06AF210000318A /* ControlsViewControllerTests.m in Sources */ = {isa = PBXBuildFile; fileRef = ABCF04D91A06AF210000318A /* ControlsViewControllerTests.m */; };
		ABCF04E31A06BE220000318A /* ControlsViewController.m in Sources */ = {isa = PBXBuildFile; fileRef = ABCF04E21A06BE220000318A /* ControlsViewController.m */; };
		ABCF04E51A06E75D0000318A /* UIKit.framework in Frameworks */ = {isa = PBXBuildFile; fileRef = AB35FD6119E4E54F00228531 /* UIKit.framework */; };
		ABCF04E61A06E7EF0000318A /* libFRY.a in Frameworks */ = {isa = PBXBuildFile; fileRef = AB25C03C19DF95AA00038E75 /* libFRY.a */; };
		ABCF04E71A06F2630000318A /* UIAccessibility+FRY.m in Sources */ = {isa = PBXBuildFile; fileRef = AB35FD0E19E4DE3500228531 /* UIAccessibility+FRY.m */; };
		B9215C4142D84548893B9BCA /* libPods.a in Frameworks */ = {isa = PBXBuildFile; fileRef = 89238CE01CB344F78A59E9AE /* libPods.a */; };
		D4CA25161A09089B00A04F26 /* FRYHighlightView.m in Sources */ = {isa = PBXBuildFile; fileRef = D4CA25151A09089B00A04F26 /* FRYHighlightView.m */; };
		D4CA25191A0908D100A04F26 /* UIView+FRYTouchHighlighting.m in Sources */ = {isa = PBXBuildFile; fileRef = D4CA25181A0908D100A04F26 /* UIView+FRYTouchHighlighting.m */; };
		D4CA251A1A0908D100A04F26 /* UIView+FRYTouchHighlighting.m in Sources */ = {isa = PBXBuildFile; fileRef = D4CA25181A0908D100A04F26 /* UIView+FRYTouchHighlighting.m */; };
		D4CA251B1A0908D100A04F26 /* UIView+FRYTouchHighlighting.m in Sources */ = {isa = PBXBuildFile; fileRef = D4CA25181A0908D100A04F26 /* UIView+FRYTouchHighlighting.m */; };
		D4CA251C1A0908D100A04F26 /* UIView+FRYTouchHighlighting.m in Sources */ = {isa = PBXBuildFile; fileRef = D4CA25181A0908D100A04F26 /* UIView+FRYTouchHighlighting.m */; };
/* End PBXBuildFile section */

/* Begin PBXContainerItemProxy section */
		AB25C05219DF95AA00038E75 /* PBXContainerItemProxy */ = {
			isa = PBXContainerItemProxy;
			containerPortal = AB25C03419DF95AA00038E75 /* Project object */;
			proxyType = 1;
			remoteGlobalIDString = AB25C03B19DF95AA00038E75;
			remoteInfo = FRY;
		};
		ABCF04D41A06AF200000318A /* PBXContainerItemProxy */ = {
			isa = PBXContainerItemProxy;
			containerPortal = AB25C03419DF95AA00038E75 /* Project object */;
			proxyType = 1;
			remoteGlobalIDString = ABCF04B71A06AF200000318A;
			remoteInfo = TestTarget;
		};
/* End PBXContainerItemProxy section */

/* Begin PBXCopyFilesBuildPhase section */
		AB25C03A19DF95AA00038E75 /* CopyFiles */ = {
			isa = PBXCopyFilesBuildPhase;
			buildActionMask = 2147483647;
			dstPath = "include/$(PRODUCT_NAME)";
			dstSubfolderSpec = 16;
			files = (
			);
			runOnlyForDeploymentPostprocessing = 0;
		};
/* End PBXCopyFilesBuildPhase section */

/* Begin PBXFileReference section */
		44E5641396444807AA772D3D /* Pods.xcconfig */ = {isa = PBXFileReference; includeInIndex = 1; lastKnownFileType = text.xcconfig; name = Pods.xcconfig; path = Pods/Pods.xcconfig; sourceTree = "<group>"; };
		89238CE01CB344F78A59E9AE /* libPods.a */ = {isa = PBXFileReference; explicitFileType = archive.ar; includeInIndex = 0; path = libPods.a; sourceTree = BUILT_PRODUCTS_DIR; };
		AB184ADF19E8E0CC007CC9DA /* FRYPointInTime.h */ = {isa = PBXFileReference; fileEncoding = 4; lastKnownFileType = sourcecode.c.h; path = FRYPointInTime.h; sourceTree = "<group>"; };
		AB184AE019E8E0CC007CC9DA /* FRYPointInTime.m */ = {isa = PBXFileReference; fileEncoding = 4; lastKnownFileType = sourcecode.c.objc; path = FRYPointInTime.m; sourceTree = "<group>"; };
		AB184AE119E8E0CC007CC9DA /* FRYRecordedTouch.h */ = {isa = PBXFileReference; fileEncoding = 4; lastKnownFileType = sourcecode.c.h; path = FRYRecordedTouch.h; sourceTree = "<group>"; };
		AB184AE219E8E0CC007CC9DA /* FRYRecordedTouch.m */ = {isa = PBXFileReference; fileEncoding = 4; lastKnownFileType = sourcecode.c.objc; path = FRYRecordedTouch.m; sourceTree = "<group>"; };
		AB184AE319E8E0CC007CC9DA /* FRYSimulatedTouch+Private.h */ = {isa = PBXFileReference; fileEncoding = 4; lastKnownFileType = sourcecode.c.h; path = "FRYSimulatedTouch+Private.h"; sourceTree = "<group>"; };
		AB184AE419E8E0CC007CC9DA /* FRYSimulatedTouch.h */ = {isa = PBXFileReference; fileEncoding = 4; lastKnownFileType = sourcecode.c.h; path = FRYSimulatedTouch.h; sourceTree = "<group>"; };
		AB184AE519E8E0CC007CC9DA /* FRYSimulatedTouch.m */ = {isa = PBXFileReference; fileEncoding = 4; lastKnownFileType = sourcecode.c.objc; path = FRYSimulatedTouch.m; sourceTree = "<group>"; };
		AB184AE619E8E0CC007CC9DA /* FRYSyntheticTouch.h */ = {isa = PBXFileReference; fileEncoding = 4; lastKnownFileType = sourcecode.c.h; path = FRYSyntheticTouch.h; sourceTree = "<group>"; };
		AB184AE719E8E0CC007CC9DA /* FRYSyntheticTouch.m */ = {isa = PBXFileReference; fileEncoding = 4; lastKnownFileType = sourcecode.c.objc; path = FRYSyntheticTouch.m; sourceTree = "<group>"; };
		AB184AEC19E8EEC0007CC9DA /* NSRunLoop+FRY.h */ = {isa = PBXFileReference; fileEncoding = 4; lastKnownFileType = sourcecode.c.h; path = "NSRunLoop+FRY.h"; sourceTree = "<group>"; };
		AB184AED19E8EEC0007CC9DA /* NSRunLoop+FRY.m */ = {isa = PBXFileReference; fileEncoding = 4; lastKnownFileType = sourcecode.c.objc; path = "NSRunLoop+FRY.m"; sourceTree = "<group>"; };
		AB184AEF19EA087D007CC9DA /* FRYTouchEventLog.h */ = {isa = PBXFileReference; fileEncoding = 4; lastKnownFileType = sourcecode.c.h; path = FRYTouchEventLog.h; sourceTree = "<group>"; };
		AB184AF019EA087D007CC9DA /* FRYTouchEventLog.m */ = {isa = PBXFileReference; fileEncoding = 4; lastKnownFileType = sourcecode.c.objc; path = FRYTouchEventLog.m; sourceTree = "<group>"; };
		AB25C03C19DF95AA00038E75 /* libFRY.a */ = {isa = PBXFileReference; explicitFileType = archive.ar; includeInIndex = 0; path = libFRY.a; sourceTree = BUILT_PRODUCTS_DIR; };
		AB25C03F19DF95AA00038E75 /* Foundation.framework */ = {isa = PBXFileReference; lastKnownFileType = wrapper.framework; name = Foundation.framework; path = System/Library/Frameworks/Foundation.framework; sourceTree = SDKROOT; };
		AB25C04319DF95AA00038E75 /* FRY-Prefix.pch */ = {isa = PBXFileReference; lastKnownFileType = sourcecode.c.h; path = "FRY-Prefix.pch"; sourceTree = "<group>"; };
		AB25C04C19DF95AA00038E75 /* FRYTests.xctest */ = {isa = PBXFileReference; explicitFileType = wrapper.cfbundle; includeInIndex = 0; path = FRYTests.xctest; sourceTree = BUILT_PRODUCTS_DIR; };
		AB25C04D19DF95AA00038E75 /* XCTest.framework */ = {isa = PBXFileReference; lastKnownFileType = wrapper.framework; name = XCTest.framework; path = Library/Frameworks/XCTest.framework; sourceTree = DEVELOPER_DIR; };
		AB25C05019DF95AA00038E75 /* UIKit.framework */ = {isa = PBXFileReference; lastKnownFileType = wrapper.framework; name = UIKit.framework; path = Library/Frameworks/UIKit.framework; sourceTree = DEVELOPER_DIR; };
		AB25C05719DF95AA00038E75 /* FRYTests-Info.plist */ = {isa = PBXFileReference; lastKnownFileType = text.plist.xml; path = "FRYTests-Info.plist"; sourceTree = "<group>"; };
		AB25C05919DF95AA00038E75 /* en */ = {isa = PBXFileReference; lastKnownFileType = text.plist.strings; name = en; path = en.lproj/InfoPlist.strings; sourceTree = "<group>"; };
		AB25C06619DF95ED00038E75 /* UIAccessibilityElement+FRY.h */ = {isa = PBXFileReference; fileEncoding = 4; lastKnownFileType = sourcecode.c.h; path = "UIAccessibilityElement+FRY.h"; sourceTree = "<group>"; };
		AB25C06719DF95ED00038E75 /* UIAccessibilityElement+FRY.m */ = {isa = PBXFileReference; fileEncoding = 4; lastKnownFileType = sourcecode.c.objc; path = "UIAccessibilityElement+FRY.m"; sourceTree = "<group>"; };
		AB25C06819DF95ED00038E75 /* UIView+FRY.h */ = {isa = PBXFileReference; fileEncoding = 4; lastKnownFileType = sourcecode.c.h; path = "UIView+FRY.h"; sourceTree = "<group>"; };
		AB25C06919DF95ED00038E75 /* UIView+FRY.m */ = {isa = PBXFileReference; fileEncoding = 4; lastKnownFileType = sourcecode.c.objc; path = "UIView+FRY.m"; sourceTree = "<group>"; };
		AB35FCDA19DFA30B00228531 /* UIApplication+FRY.h */ = {isa = PBXFileReference; fileEncoding = 4; lastKnownFileType = sourcecode.c.h; path = "UIApplication+FRY.h"; sourceTree = "<group>"; };
		AB35FCDB19DFA30B00228531 /* UIApplication+FRY.m */ = {isa = PBXFileReference; fileEncoding = 4; lastKnownFileType = sourcecode.c.objc; path = "UIApplication+FRY.m"; sourceTree = "<group>"; };
		AB35FCDE19DFA6F200228531 /* FRYEventProxy.h */ = {isa = PBXFileReference; fileEncoding = 4; lastKnownFileType = sourcecode.c.h; path = FRYEventProxy.h; sourceTree = "<group>"; };
		AB35FCDF19DFA6F200228531 /* FRYEventProxy.m */ = {isa = PBXFileReference; fileEncoding = 4; lastKnownFileType = sourcecode.c.objc; path = FRYEventProxy.m; sourceTree = "<group>"; };
		AB35FCE019DFA6F200228531 /* UIKit+FRYExposePrivate.h */ = {isa = PBXFileReference; fileEncoding = 4; lastKnownFileType = sourcecode.c.h; path = "UIKit+FRYExposePrivate.h"; sourceTree = "<group>"; };
		AB35FCE219DFAEB900228531 /* UITouch+FRY.h */ = {isa = PBXFileReference; fileEncoding = 4; lastKnownFileType = sourcecode.c.h; path = "UITouch+FRY.h"; sourceTree = "<group>"; };
		AB35FCE319DFAEB900228531 /* UITouch+FRY.m */ = {isa = PBXFileReference; fileEncoding = 4; lastKnownFileType = sourcecode.c.objc; path = "UITouch+FRY.m"; sourceTree = "<group>"; };
		AB35FCEA19DFB49100228531 /* FRYActiveTouch.h */ = {isa = PBXFileReference; fileEncoding = 4; lastKnownFileType = sourcecode.c.h; path = FRYActiveTouch.h; sourceTree = "<group>"; };
		AB35FCEB19DFB49100228531 /* FRYActiveTouch.m */ = {isa = PBXFileReference; fileEncoding = 4; lastKnownFileType = sourcecode.c.objc; path = FRYActiveTouch.m; sourceTree = "<group>"; };
		AB35FD0D19E4DE3500228531 /* UIAccessibility+FRY.h */ = {isa = PBXFileReference; fileEncoding = 4; lastKnownFileType = sourcecode.c.h; path = "UIAccessibility+FRY.h"; sourceTree = "<group>"; };
		AB35FD0E19E4DE3500228531 /* UIAccessibility+FRY.m */ = {isa = PBXFileReference; fileEncoding = 4; lastKnownFileType = sourcecode.c.objc; path = "UIAccessibility+FRY.m"; sourceTree = "<group>"; };
		AB35FD6119E4E54F00228531 /* UIKit.framework */ = {isa = PBXFileReference; lastKnownFileType = wrapper.framework; name = UIKit.framework; path = System/Library/Frameworks/UIKit.framework; sourceTree = SDKROOT; };
		AB35FD6319E4ECF200228531 /* FRYEventMonitor.h */ = {isa = PBXFileReference; fileEncoding = 4; lastKnownFileType = sourcecode.c.h; path = FRYEventMonitor.h; sourceTree = "<group>"; };
		AB35FD6419E4ECF200228531 /* FRYEventMonitor.m */ = {isa = PBXFileReference; fileEncoding = 4; lastKnownFileType = sourcecode.c.objc; path = FRYEventMonitor.m; sourceTree = "<group>"; };
		AB35FD6719E4ED6100228531 /* FRYMethodSwizzling.h */ = {isa = PBXFileReference; fileEncoding = 4; lastKnownFileType = sourcecode.c.h; path = FRYMethodSwizzling.h; sourceTree = "<group>"; };
		AB35FD6819E4ED6100228531 /* FRYMethodSwizzling.m */ = {isa = PBXFileReference; fileEncoding = 4; lastKnownFileType = sourcecode.c.objc; path = FRYMethodSwizzling.m; sourceTree = "<group>"; };
		AB43FCF31A0468600049D520 /* UITextInput+FRY.h */ = {isa = PBXFileReference; fileEncoding = 4; lastKnownFileType = sourcecode.c.h; path = "UITextInput+FRY.h"; sourceTree = "<group>"; };
		AB43FCF41A0468600049D520 /* UITextInput+FRY.m */ = {isa = PBXFileReference; fileEncoding = 4; lastKnownFileType = sourcecode.c.objc; path = "UITextInput+FRY.m"; sourceTree = "<group>"; };
		ABA5781019E64AE600D77CDA /* FRYLookup.h */ = {isa = PBXFileReference; fileEncoding = 4; lastKnownFileType = sourcecode.c.h; path = FRYLookup.h; sourceTree = "<group>"; };
		ABA5781119E64AE600D77CDA /* FRYLookup.m */ = {isa = PBXFileReference; fileEncoding = 4; lastKnownFileType = sourcecode.c.objc; path = FRYLookup.m; sourceTree = "<group>"; };
		ABA5781219E64AE600D77CDA /* FRYLookupResult.h */ = {isa = PBXFileReference; fileEncoding = 4; lastKnownFileType = sourcecode.c.h; path = FRYLookupResult.h; sourceTree = "<group>"; };
		ABA5781319E64AE600D77CDA /* FRYLookupResult.m */ = {isa = PBXFileReference; fileEncoding = 4; lastKnownFileType = sourcecode.c.objc; path = FRYLookupResult.m; sourceTree = "<group>"; };
		ABA5781419E64AE600D77CDA /* FRYLookupSupport.h */ = {isa = PBXFileReference; fileEncoding = 4; lastKnownFileType = sourcecode.c.h; path = FRYLookupSupport.h; sourceTree = "<group>"; };
		ABA5781719E64AE600D77CDA /* NSObject+FRYLookupSupport.h */ = {isa = PBXFileReference; fileEncoding = 4; lastKnownFileType = sourcecode.c.h; path = "NSObject+FRYLookupSupport.h"; sourceTree = "<group>"; };
		ABA5781819E64AE600D77CDA /* NSObject+FRYLookupSupport.m */ = {isa = PBXFileReference; fileEncoding = 4; lastKnownFileType = sourcecode.c.objc; path = "NSObject+FRYLookupSupport.m"; sourceTree = "<group>"; };
		ABA5782A19E65D1100D77CDA /* FRYDefines.h */ = {isa = PBXFileReference; fileEncoding = 4; lastKnownFileType = sourcecode.c.h; path = FRYDefines.h; sourceTree = "<group>"; };
		ABA5782B19E65D1100D77CDA /* FRYDefines.m */ = {isa = PBXFileReference; fileEncoding = 4; lastKnownFileType = sourcecode.c.objc; path = FRYDefines.m; sourceTree = "<group>"; };
		ABCF04AE1A054F460000318A /* FRY.h */ = {isa = PBXFileReference; fileEncoding = 4; lastKnownFileType = sourcecode.c.h; path = FRY.h; sourceTree = "<group>"; };
		ABCF04B11A054F890000318A /* FRYTouchDispatch.h */ = {isa = PBXFileReference; fileEncoding = 4; lastKnownFileType = sourcecode.c.h; path = FRYTouchDispatch.h; sourceTree = "<group>"; };
		ABCF04B21A054F890000318A /* FRYTouchDispatch.m */ = {isa = PBXFileReference; fileEncoding = 4; lastKnownFileType = sourcecode.c.objc; path = FRYTouchDispatch.m; sourceTree = "<group>"; };
		ABCF04B81A06AF200000318A /* TestTarget.app */ = {isa = PBXFileReference; explicitFileType = wrapper.application; includeInIndex = 0; path = TestTarget.app; sourceTree = BUILT_PRODUCTS_DIR; };
		ABCF04BB1A06AF200000318A /* Info.plist */ = {isa = PBXFileReference; lastKnownFileType = text.plist.xml; path = Info.plist; sourceTree = "<group>"; };
		ABCF04BC1A06AF200000318A /* main.m */ = {isa = PBXFileReference; lastKnownFileType = sourcecode.c.objc; path = main.m; sourceTree = "<group>"; };
		ABCF04BE1A06AF200000318A /* AppDelegate.h */ = {isa = PBXFileReference; lastKnownFileType = sourcecode.c.h; path = AppDelegate.h; sourceTree = "<group>"; };
		ABCF04BF1A06AF200000318A /* AppDelegate.m */ = {isa = PBXFileReference; lastKnownFileType = sourcecode.c.objc; path = AppDelegate.m; sourceTree = "<group>"; };
		ABCF04C11A06AF200000318A /* MasterViewController.h */ = {isa = PBXFileReference; lastKnownFileType = sourcecode.c.h; path = MasterViewController.h; sourceTree = "<group>"; };
		ABCF04C21A06AF200000318A /* MasterViewController.m */ = {isa = PBXFileReference; lastKnownFileType = sourcecode.c.objc; path = MasterViewController.m; sourceTree = "<group>"; };
		ABCF04C81A06AF200000318A /* Base */ = {isa = PBXFileReference; lastKnownFileType = file.storyboard; name = Base; path = Base.lproj/Main.storyboard; sourceTree = "<group>"; };
		ABCF04CA1A06AF200000318A /* Images.xcassets */ = {isa = PBXFileReference; lastKnownFileType = folder.assetcatalog; path = Images.xcassets; sourceTree = "<group>"; };
		ABCF04CD1A06AF200000318A /* Base */ = {isa = PBXFileReference; lastKnownFileType = file.xib; name = Base; path = Base.lproj/LaunchScreen.xib; sourceTree = "<group>"; };
		ABCF04D31A06AF200000318A /* TestTargetTests.xctest */ = {isa = PBXFileReference; explicitFileType = wrapper.cfbundle; includeInIndex = 0; path = TestTargetTests.xctest; sourceTree = BUILT_PRODUCTS_DIR; };
		ABCF04D81A06AF210000318A /* Info.plist */ = {isa = PBXFileReference; lastKnownFileType = text.plist.xml; path = Info.plist; sourceTree = "<group>"; };
		ABCF04D91A06AF210000318A /* ControlsViewControllerTests.m */ = {isa = PBXFileReference; lastKnownFileType = sourcecode.c.objc; path = ControlsViewControllerTests.m; sourceTree = "<group>"; };
		ABCF04E11A06BE220000318A /* ControlsViewController.h */ = {isa = PBXFileReference; fileEncoding = 4; lastKnownFileType = sourcecode.c.h; path = ControlsViewController.h; sourceTree = "<group>"; };
		ABCF04E21A06BE220000318A /* ControlsViewController.m */ = {isa = PBXFileReference; fileEncoding = 4; lastKnownFileType = sourcecode.c.objc; path = ControlsViewController.m; sourceTree = "<group>"; };
		D40395831A0CE1CE002200E1 /* FRYSpark.png.h */ = {isa = PBXFileReference; fileEncoding = 4; lastKnownFileType = sourcecode.c.h; path = FRYSpark.png.h; sourceTree = "<group>"; };
		D4CA25141A09089B00A04F26 /* FRYHighlightView.h */ = {isa = PBXFileReference; fileEncoding = 4; lastKnownFileType = sourcecode.c.h; path = FRYHighlightView.h; sourceTree = "<group>"; };
		D4CA25151A09089B00A04F26 /* FRYHighlightView.m */ = {isa = PBXFileReference; fileEncoding = 4; lastKnownFileType = sourcecode.c.objc; path = FRYHighlightView.m; sourceTree = "<group>"; };
		D4CA25171A0908D100A04F26 /* UIView+FRYTouchHighlighting.h */ = {isa = PBXFileReference; fileEncoding = 4; lastKnownFileType = sourcecode.c.h; path = "UIView+FRYTouchHighlighting.h"; sourceTree = "<group>"; };
		D4CA25181A0908D100A04F26 /* UIView+FRYTouchHighlighting.m */ = {isa = PBXFileReference; fileEncoding = 4; lastKnownFileType = sourcecode.c.objc; path = "UIView+FRYTouchHighlighting.m"; sourceTree = "<group>"; };
/* End PBXFileReference section */

/* Begin PBXFrameworksBuildPhase section */
		AB25C03919DF95AA00038E75 /* Frameworks */ = {
			isa = PBXFrameworksBuildPhase;
			buildActionMask = 2147483647;
			files = (
				AB25C04019DF95AA00038E75 /* Foundation.framework in Frameworks */,
				B9215C4142D84548893B9BCA /* libPods.a in Frameworks */,
			);
			runOnlyForDeploymentPostprocessing = 0;
		};
		AB25C04919DF95AA00038E75 /* Frameworks */ = {
			isa = PBXFrameworksBuildPhase;
			buildActionMask = 2147483647;
			files = (
				AB25C04E19DF95AA00038E75 /* XCTest.framework in Frameworks */,
				AB25C05119DF95AA00038E75 /* UIKit.framework in Frameworks */,
				AB25C04F19DF95AA00038E75 /* Foundation.framework in Frameworks */,
				AB25C05419DF95AA00038E75 /* libFRY.a in Frameworks */,
			);
			runOnlyForDeploymentPostprocessing = 0;
		};
		ABCF04B51A06AF200000318A /* Frameworks */ = {
			isa = PBXFrameworksBuildPhase;
			buildActionMask = 2147483647;
			files = (
				AB5A891B1A07147700E44C89 /* libFRY.a in Frameworks */,
				ABCF04E51A06E75D0000318A /* UIKit.framework in Frameworks */,
			);
			runOnlyForDeploymentPostprocessing = 0;
		};
		ABCF04D01A06AF200000318A /* Frameworks */ = {
			isa = PBXFrameworksBuildPhase;
			buildActionMask = 2147483647;
			files = (
				ABCF04E61A06E7EF0000318A /* libFRY.a in Frameworks */,
			);
			runOnlyForDeploymentPostprocessing = 0;
		};
/* End PBXFrameworksBuildPhase section */

/* Begin PBXGroup section */
		AB184ADE19E8E0CC007CC9DA /* Model */ = {
			isa = PBXGroup;
			children = (
				AB184ADF19E8E0CC007CC9DA /* FRYPointInTime.h */,
				AB184AE019E8E0CC007CC9DA /* FRYPointInTime.m */,
				AB184AE419E8E0CC007CC9DA /* FRYSimulatedTouch.h */,
				AB184AE319E8E0CC007CC9DA /* FRYSimulatedTouch+Private.h */,
				AB184AE519E8E0CC007CC9DA /* FRYSimulatedTouch.m */,
				AB184AE619E8E0CC007CC9DA /* FRYSyntheticTouch.h */,
				AB184AE719E8E0CC007CC9DA /* FRYSyntheticTouch.m */,
				AB184AE119E8E0CC007CC9DA /* FRYRecordedTouch.h */,
				AB184AE219E8E0CC007CC9DA /* FRYRecordedTouch.m */,
			);
			path = Model;
			sourceTree = "<group>";
		};
		AB25C03319DF95AA00038E75 = {
			isa = PBXGroup;
			children = (
				AB25C04119DF95AA00038E75 /* FRY */,
				AB25C05519DF95AA00038E75 /* FRYTests */,
				ABCF04B91A06AF200000318A /* TestTarget */,
				ABCF04D61A06AF200000318A /* TestTargetTests */,
				AB25C03E19DF95AA00038E75 /* Frameworks */,
				AB25C03D19DF95AA00038E75 /* Products */,
				44E5641396444807AA772D3D /* Pods.xcconfig */,
			);
			sourceTree = "<group>";
		};
		AB25C03D19DF95AA00038E75 /* Products */ = {
			isa = PBXGroup;
			children = (
				AB25C03C19DF95AA00038E75 /* libFRY.a */,
				AB25C04C19DF95AA00038E75 /* FRYTests.xctest */,
				ABCF04B81A06AF200000318A /* TestTarget.app */,
				ABCF04D31A06AF200000318A /* TestTargetTests.xctest */,
			);
			name = Products;
			sourceTree = "<group>";
		};
		AB25C03E19DF95AA00038E75 /* Frameworks */ = {
			isa = PBXGroup;
			children = (
				AB35FD6119E4E54F00228531 /* UIKit.framework */,
				AB25C03F19DF95AA00038E75 /* Foundation.framework */,
				AB25C04D19DF95AA00038E75 /* XCTest.framework */,
				AB25C05019DF95AA00038E75 /* UIKit.framework */,
				89238CE01CB344F78A59E9AE /* libPods.a */,
			);
			name = Frameworks;
			sourceTree = "<group>";
		};
		AB25C04119DF95AA00038E75 /* FRY */ = {
			isa = PBXGroup;
			children = (
				ABCF04AE1A054F460000318A /* FRY.h */,
				ABA5782A19E65D1100D77CDA /* FRYDefines.h */,
				ABA5782B19E65D1100D77CDA /* FRYDefines.m */,
				AB35FCE519DFB49100228531 /* Touch */,
				ABA5780F19E64AE600D77CDA /* Lookup */,
				AB35FD6619E4ED5100228531 /* Utilities */,
				AB35FCDD19DFA6F200228531 /* Private */,
				AB25C06519DF95ED00038E75 /* Categories */,
				AB25C04219DF95AA00038E75 /* Supporting Files */,
			);
			path = FRY;
			sourceTree = "<group>";
		};
		AB25C04219DF95AA00038E75 /* Supporting Files */ = {
			isa = PBXGroup;
			children = (
				AB25C04319DF95AA00038E75 /* FRY-Prefix.pch */,
			);
			name = "Supporting Files";
			sourceTree = "<group>";
		};
		AB25C05519DF95AA00038E75 /* FRYTests */ = {
			isa = PBXGroup;
			children = (
				AB25C05619DF95AA00038E75 /* Supporting Files */,
			);
			path = FRYTests;
			sourceTree = "<group>";
		};
		AB25C05619DF95AA00038E75 /* Supporting Files */ = {
			isa = PBXGroup;
			children = (
				AB25C05719DF95AA00038E75 /* FRYTests-Info.plist */,
				AB25C05819DF95AA00038E75 /* InfoPlist.strings */,
			);
			name = "Supporting Files";
			sourceTree = "<group>";
		};
		AB25C06519DF95ED00038E75 /* Categories */ = {
			isa = PBXGroup;
			children = (
				AB35FCDA19DFA30B00228531 /* UIApplication+FRY.h */,
				AB35FCDB19DFA30B00228531 /* UIApplication+FRY.m */,
				AB25C06619DF95ED00038E75 /* UIAccessibilityElement+FRY.h */,
				AB25C06719DF95ED00038E75 /* UIAccessibilityElement+FRY.m */,
				AB25C06819DF95ED00038E75 /* UIView+FRY.h */,
				AB25C06919DF95ED00038E75 /* UIView+FRY.m */,
				D4CA25171A0908D100A04F26 /* UIView+FRYTouchHighlighting.h */,
				D4CA25181A0908D100A04F26 /* UIView+FRYTouchHighlighting.m */,
				AB35FCE219DFAEB900228531 /* UITouch+FRY.h */,
				AB35FCE319DFAEB900228531 /* UITouch+FRY.m */,
				AB35FD0D19E4DE3500228531 /* UIAccessibility+FRY.h */,
				AB35FD0E19E4DE3500228531 /* UIAccessibility+FRY.m */,
				AB43FCF31A0468600049D520 /* UITextInput+FRY.h */,
				AB43FCF41A0468600049D520 /* UITextInput+FRY.m */,
				AB184AEC19E8EEC0007CC9DA /* NSRunLoop+FRY.h */,
				AB184AED19E8EEC0007CC9DA /* NSRunLoop+FRY.m */,
			);
			path = Categories;
			sourceTree = "<group>";
		};
		AB35FCDD19DFA6F200228531 /* Private */ = {
			isa = PBXGroup;
			children = (
				AB35FCDE19DFA6F200228531 /* FRYEventProxy.h */,
				AB35FCDF19DFA6F200228531 /* FRYEventProxy.m */,
				AB35FCE019DFA6F200228531 /* UIKit+FRYExposePrivate.h */,
			);
			path = Private;
			sourceTree = "<group>";
		};
		AB35FCE519DFB49100228531 /* Touch */ = {
			isa = PBXGroup;
			children = (
				ABCF04B11A054F890000318A /* FRYTouchDispatch.h */,
				ABCF04B21A054F890000318A /* FRYTouchDispatch.m */,
				AB35FCEA19DFB49100228531 /* FRYActiveTouch.h */,
				AB35FCEB19DFB49100228531 /* FRYActiveTouch.m */,
				AB184ADE19E8E0CC007CC9DA /* Model */,
				AB35FD6319E4ECF200228531 /* FRYEventMonitor.h */,
				AB35FD6419E4ECF200228531 /* FRYEventMonitor.m */,
				AB184AEF19EA087D007CC9DA /* FRYTouchEventLog.h */,
				AB184AF019EA087D007CC9DA /* FRYTouchEventLog.m */,
			);
			path = Touch;
			sourceTree = "<group>";
		};
		AB35FD6619E4ED5100228531 /* Utilities */ = {
			isa = PBXGroup;
			children = (
				AB35FD6719E4ED6100228531 /* FRYMethodSwizzling.h */,
				AB35FD6819E4ED6100228531 /* FRYMethodSwizzling.m */,
				D4CA25141A09089B00A04F26 /* FRYHighlightView.h */,
				D4CA25151A09089B00A04F26 /* FRYHighlightView.m */,
				D40395831A0CE1CE002200E1 /* FRYSpark.png.h */,
			);
			path = Utilities;
			sourceTree = "<group>";
		};
		ABA5780F19E64AE600D77CDA /* Lookup */ = {
			isa = PBXGroup;
			children = (
				ABA5781019E64AE600D77CDA /* FRYLookup.h */,
				ABA5781119E64AE600D77CDA /* FRYLookup.m */,
				ABA5781419E64AE600D77CDA /* FRYLookupSupport.h */,
				ABA5781219E64AE600D77CDA /* FRYLookupResult.h */,
				ABA5781319E64AE600D77CDA /* FRYLookupResult.m */,
				ABA5781719E64AE600D77CDA /* NSObject+FRYLookupSupport.h */,
				ABA5781819E64AE600D77CDA /* NSObject+FRYLookupSupport.m */,
			);
			path = Lookup;
			sourceTree = "<group>";
		};
		ABCF04B91A06AF200000318A /* TestTarget */ = {
			isa = PBXGroup;
			children = (
				ABCF04BE1A06AF200000318A /* AppDelegate.h */,
				ABCF04BF1A06AF200000318A /* AppDelegate.m */,
				ABCF04C11A06AF200000318A /* MasterViewController.h */,
				ABCF04C21A06AF200000318A /* MasterViewController.m */,
				ABCF04E11A06BE220000318A /* ControlsViewController.h */,
				ABCF04E21A06BE220000318A /* ControlsViewController.m */,
				ABCF04C71A06AF200000318A /* Main.storyboard */,
				ABCF04CA1A06AF200000318A /* Images.xcassets */,
				ABCF04CC1A06AF200000318A /* LaunchScreen.xib */,
				ABCF04BA1A06AF200000318A /* Supporting Files */,
			);
			path = TestTarget;
			sourceTree = "<group>";
		};
		ABCF04BA1A06AF200000318A /* Supporting Files */ = {
			isa = PBXGroup;
			children = (
				ABCF04BB1A06AF200000318A /* Info.plist */,
				ABCF04BC1A06AF200000318A /* main.m */,
			);
			name = "Supporting Files";
			sourceTree = "<group>";
		};
		ABCF04D61A06AF200000318A /* TestTargetTests */ = {
			isa = PBXGroup;
			children = (
				ABCF04D91A06AF210000318A /* ControlsViewControllerTests.m */,
				ABCF04D71A06AF210000318A /* Supporting Files */,
			);
			path = TestTargetTests;
			sourceTree = "<group>";
		};
		ABCF04D71A06AF210000318A /* Supporting Files */ = {
			isa = PBXGroup;
			children = (
				ABCF04D81A06AF210000318A /* Info.plist */,
			);
			name = "Supporting Files";
			sourceTree = "<group>";
		};
/* End PBXGroup section */

/* Begin PBXNativeTarget section */
		AB25C03B19DF95AA00038E75 /* FRY */ = {
			isa = PBXNativeTarget;
			buildConfigurationList = AB25C05F19DF95AA00038E75 /* Build configuration list for PBXNativeTarget "FRY" */;
			buildPhases = (
				1F21E3A86F4F48ABB1634D12 /* Check Pods Manifest.lock */,
				AB25C03819DF95AA00038E75 /* Sources */,
				AB25C03919DF95AA00038E75 /* Frameworks */,
				AB25C03A19DF95AA00038E75 /* CopyFiles */,
				3F28592FAB694A4BB967246E /* Copy Pods Resources */,
			);
			buildRules = (
			);
			dependencies = (
			);
			name = FRY;
			productName = FRY;
			productReference = AB25C03C19DF95AA00038E75 /* libFRY.a */;
			productType = "com.apple.product-type.library.static";
		};
		AB25C04B19DF95AA00038E75 /* FRYTests */ = {
			isa = PBXNativeTarget;
			buildConfigurationList = AB25C06219DF95AA00038E75 /* Build configuration list for PBXNativeTarget "FRYTests" */;
			buildPhases = (
				AB25C04819DF95AA00038E75 /* Sources */,
				AB25C04919DF95AA00038E75 /* Frameworks */,
				AB25C04A19DF95AA00038E75 /* Resources */,
			);
			buildRules = (
			);
			dependencies = (
				AB25C05319DF95AA00038E75 /* PBXTargetDependency */,
			);
			name = FRYTests;
			productName = FRYTests;
			productReference = AB25C04C19DF95AA00038E75 /* FRYTests.xctest */;
			productType = "com.apple.product-type.bundle.unit-test";
		};
		ABCF04B71A06AF200000318A /* TestTarget */ = {
			isa = PBXNativeTarget;
			buildConfigurationList = ABCF04DB1A06AF210000318A /* Build configuration list for PBXNativeTarget "TestTarget" */;
			buildPhases = (
				ABCF04B41A06AF200000318A /* Sources */,
				ABCF04B51A06AF200000318A /* Frameworks */,
				ABCF04B61A06AF200000318A /* Resources */,
			);
			buildRules = (
			);
			dependencies = (
			);
			name = TestTarget;
			productName = TestTarget;
			productReference = ABCF04B81A06AF200000318A /* TestTarget.app */;
			productType = "com.apple.product-type.application";
		};
		ABCF04D21A06AF200000318A /* TestTargetTests */ = {
			isa = PBXNativeTarget;
			buildConfigurationList = ABCF04DE1A06AF210000318A /* Build configuration list for PBXNativeTarget "TestTargetTests" */;
			buildPhases = (
				ABCF04CF1A06AF200000318A /* Sources */,
				ABCF04D01A06AF200000318A /* Frameworks */,
				ABCF04D11A06AF200000318A /* Resources */,
			);
			buildRules = (
			);
			dependencies = (
				ABCF04D51A06AF200000318A /* PBXTargetDependency */,
			);
			name = TestTargetTests;
			productName = TestTargetTests;
			productReference = ABCF04D31A06AF200000318A /* TestTargetTests.xctest */;
			productType = "com.apple.product-type.bundle.unit-test";
		};
/* End PBXNativeTarget section */

/* Begin PBXProject section */
		AB25C03419DF95AA00038E75 /* Project object */ = {
			isa = PBXProject;
			attributes = {
				LastUpgradeCheck = 0510;
				ORGANIZATIONNAME = Raizlabs;
				TargetAttributes = {
					ABCF04B71A06AF200000318A = {
						CreatedOnToolsVersion = 6.0.1;
					};
					ABCF04D21A06AF200000318A = {
						CreatedOnToolsVersion = 6.0.1;
						TestTargetID = ABCF04B71A06AF200000318A;
					};
				};
			};
			buildConfigurationList = AB25C03719DF95AA00038E75 /* Build configuration list for PBXProject "FRY" */;
			compatibilityVersion = "Xcode 3.2";
			developmentRegion = English;
			hasScannedForEncodings = 0;
			knownRegions = (
				en,
				Base,
			);
			mainGroup = AB25C03319DF95AA00038E75;
			productRefGroup = AB25C03D19DF95AA00038E75 /* Products */;
			projectDirPath = "";
			projectRoot = "";
			targets = (
				AB25C03B19DF95AA00038E75 /* FRY */,
				AB25C04B19DF95AA00038E75 /* FRYTests */,
				ABCF04B71A06AF200000318A /* TestTarget */,
				ABCF04D21A06AF200000318A /* TestTargetTests */,
			);
		};
/* End PBXProject section */

/* Begin PBXResourcesBuildPhase section */
		AB25C04A19DF95AA00038E75 /* Resources */ = {
			isa = PBXResourcesBuildPhase;
			buildActionMask = 2147483647;
			files = (
				AB25C05A19DF95AA00038E75 /* InfoPlist.strings in Resources */,
			);
			runOnlyForDeploymentPostprocessing = 0;
		};
		ABCF04B61A06AF200000318A /* Resources */ = {
			isa = PBXResourcesBuildPhase;
			buildActionMask = 2147483647;
			files = (
				ABCF04C91A06AF200000318A /* Main.storyboard in Resources */,
				ABCF04CB1A06AF200000318A /* Images.xcassets in Resources */,
			);
			runOnlyForDeploymentPostprocessing = 0;
		};
		ABCF04D11A06AF200000318A /* Resources */ = {
			isa = PBXResourcesBuildPhase;
			buildActionMask = 2147483647;
			files = (
			);
			runOnlyForDeploymentPostprocessing = 0;
		};
/* End PBXResourcesBuildPhase section */

/* Begin PBXShellScriptBuildPhase section */
		1F21E3A86F4F48ABB1634D12 /* Check Pods Manifest.lock */ = {
			isa = PBXShellScriptBuildPhase;
			buildActionMask = 2147483647;
			files = (
			);
			inputPaths = (
			);
			name = "Check Pods Manifest.lock";
			outputPaths = (
			);
			runOnlyForDeploymentPostprocessing = 0;
			shellPath = /bin/sh;
			shellScript = "diff \"${PODS_ROOT}/../Podfile.lock\" \"${PODS_ROOT}/Manifest.lock\" > /dev/null\nif [[ $? != 0 ]] ; then\n    cat << EOM\nerror: The sandbox is not in sync with the Podfile.lock. Run 'pod install' or update your CocoaPods installation.\nEOM\n    exit 1\nfi\n";
			showEnvVarsInLog = 0;
		};
		3F28592FAB694A4BB967246E /* Copy Pods Resources */ = {
			isa = PBXShellScriptBuildPhase;
			buildActionMask = 2147483647;
			files = (
			);
			inputPaths = (
			);
			name = "Copy Pods Resources";
			outputPaths = (
			);
			runOnlyForDeploymentPostprocessing = 0;
			shellPath = /bin/sh;
			shellScript = "\"${SRCROOT}/Pods/Pods-resources.sh\"\n";
			showEnvVarsInLog = 0;
		};
/* End PBXShellScriptBuildPhase section */

/* Begin PBXSourcesBuildPhase section */
		AB25C03819DF95AA00038E75 /* Sources */ = {
			isa = PBXSourcesBuildPhase;
			buildActionMask = 2147483647;
			files = (
				AB184AD019E85C5E007CC9DA /* FRYEventMonitor.m in Sources */,
				AB184AD419E85F49007CC9DA /* UIApplication+FRY.m in Sources */,
				ABA5782C19E65D1100D77CDA /* FRYDefines.m in Sources */,
				ABCF04B31A054F890000318A /* FRYTouchDispatch.m in Sources */,
				AB25C08319DF95ED00038E75 /* UIView+FRY.m in Sources */,
				ABA5781A19E64AE600D77CDA /* FRYLookupResult.m in Sources */,
				AB25C08219DF95ED00038E75 /* UIAccessibilityElement+FRY.m in Sources */,
				ABA5781C19E64AE600D77CDA /* NSObject+FRYLookupSupport.m in Sources */,
				AB35FD7A19E58B5C00228531 /* FRYMethodSwizzling.m in Sources */,
				AB35FCE119DFA6F200228531 /* FRYEventProxy.m in Sources */,
				AB184AF119EA087D007CC9DA /* FRYTouchEventLog.m in Sources */,
				AB184AE919E8E0CC007CC9DA /* FRYRecordedTouch.m in Sources */,
				AB43FCF51A0468600049D520 /* UITextInput+FRY.m in Sources */,
				AB35FCF019DFB49100228531 /* FRYActiveTouch.m in Sources */,
				AB184AEB19E8E0CC007CC9DA /* FRYSyntheticTouch.m in Sources */,
				AB184AEE19E8EEC0007CC9DA /* NSRunLoop+FRY.m in Sources */,
				ABCF04E71A06F2630000318A /* UIAccessibility+FRY.m in Sources */,
				AB184AE819E8E0CC007CC9DA /* FRYPointInTime.m in Sources */,
				ABA5781919E64AE600D77CDA /* FRYLookup.m in Sources */,
				D4CA25161A09089B00A04F26 /* FRYHighlightView.m in Sources */,
				AB184AEA19E8E0CC007CC9DA /* FRYSimulatedTouch.m in Sources */,
				AB35FCE419DFAEB900228531 /* UITouch+FRY.m in Sources */,
				D4CA25191A0908D100A04F26 /* UIView+FRYTouchHighlighting.m in Sources */,
			);
			runOnlyForDeploymentPostprocessing = 0;
		};
		AB25C04819DF95AA00038E75 /* Sources */ = {
			isa = PBXSourcesBuildPhase;
			buildActionMask = 2147483647;
			files = (
				D4CA251A1A0908D100A04F26 /* UIView+FRYTouchHighlighting.m in Sources */,
			);
			runOnlyForDeploymentPostprocessing = 0;
		};
		ABCF04B41A06AF200000318A /* Sources */ = {
			isa = PBXSourcesBuildPhase;
			buildActionMask = 2147483647;
			files = (
				ABCF04C01A06AF200000318A /* AppDelegate.m in Sources */,
				ABCF04C31A06AF200000318A /* MasterViewController.m in Sources */,
				D4CA251B1A0908D100A04F26 /* UIView+FRYTouchHighlighting.m in Sources */,
				ABCF04BD1A06AF200000318A /* main.m in Sources */,
				ABCF04E31A06BE220000318A /* ControlsViewController.m in Sources */,
			);
			runOnlyForDeploymentPostprocessing = 0;
		};
		ABCF04CF1A06AF200000318A /* Sources */ = {
			isa = PBXSourcesBuildPhase;
			buildActionMask = 2147483647;
			files = (
				D4CA251C1A0908D100A04F26 /* UIView+FRYTouchHighlighting.m in Sources */,
				ABCF04DA1A06AF210000318A /* ControlsViewControllerTests.m in Sources */,
			);
			runOnlyForDeploymentPostprocessing = 0;
		};
/* End PBXSourcesBuildPhase section */

/* Begin PBXTargetDependency section */
		AB25C05319DF95AA00038E75 /* PBXTargetDependency */ = {
			isa = PBXTargetDependency;
			target = AB25C03B19DF95AA00038E75 /* FRY */;
			targetProxy = AB25C05219DF95AA00038E75 /* PBXContainerItemProxy */;
		};
		ABCF04D51A06AF200000318A /* PBXTargetDependency */ = {
			isa = PBXTargetDependency;
			target = ABCF04B71A06AF200000318A /* TestTarget */;
			targetProxy = ABCF04D41A06AF200000318A /* PBXContainerItemProxy */;
		};
/* End PBXTargetDependency section */

/* Begin PBXVariantGroup section */
		AB25C05819DF95AA00038E75 /* InfoPlist.strings */ = {
			isa = PBXVariantGroup;
			children = (
				AB25C05919DF95AA00038E75 /* en */,
			);
			name = InfoPlist.strings;
			sourceTree = "<group>";
		};
		ABCF04C71A06AF200000318A /* Main.storyboard */ = {
			isa = PBXVariantGroup;
			children = (
				ABCF04C81A06AF200000318A /* Base */,
			);
			name = Main.storyboard;
			sourceTree = "<group>";
		};
		ABCF04CC1A06AF200000318A /* LaunchScreen.xib */ = {
			isa = PBXVariantGroup;
			children = (
				ABCF04CD1A06AF200000318A /* Base */,
			);
			name = LaunchScreen.xib;
			sourceTree = "<group>";
		};
/* End PBXVariantGroup section */

/* Begin XCBuildConfiguration section */
		AB25C05D19DF95AA00038E75 /* Debug */ = {
			isa = XCBuildConfiguration;
			buildSettings = {
				ALWAYS_SEARCH_USER_PATHS = NO;
				CLANG_CXX_LANGUAGE_STANDARD = "gnu++0x";
				CLANG_CXX_LIBRARY = "libc++";
				CLANG_ENABLE_MODULES = YES;
				CLANG_ENABLE_OBJC_ARC = YES;
				CLANG_WARN_BOOL_CONVERSION = YES;
				CLANG_WARN_CONSTANT_CONVERSION = YES;
				CLANG_WARN_DIRECT_OBJC_ISA_USAGE = YES_ERROR;
				CLANG_WARN_EMPTY_BODY = YES;
				CLANG_WARN_ENUM_CONVERSION = YES;
				CLANG_WARN_INT_CONVERSION = YES;
				CLANG_WARN_OBJC_ROOT_CLASS = YES_ERROR;
				CLANG_WARN__DUPLICATE_METHOD_MATCH = YES;
				COPY_PHASE_STRIP = NO;
				GCC_C_LANGUAGE_STANDARD = gnu99;
				GCC_DYNAMIC_NO_PIC = NO;
				GCC_OPTIMIZATION_LEVEL = 0;
				GCC_PREPROCESSOR_DEFINITIONS = (
					"DEBUG=1",
					"$(inherited)",
				);
				GCC_SYMBOLS_PRIVATE_EXTERN = NO;
				GCC_WARN_64_TO_32_BIT_CONVERSION = YES;
				GCC_WARN_ABOUT_RETURN_TYPE = YES_ERROR;
				GCC_WARN_UNDECLARED_SELECTOR = YES;
				GCC_WARN_UNINITIALIZED_AUTOS = YES_AGGRESSIVE;
				GCC_WARN_UNUSED_FUNCTION = YES;
				GCC_WARN_UNUSED_VARIABLE = YES;
				IPHONEOS_DEPLOYMENT_TARGET = 7.1;
				ONLY_ACTIVE_ARCH = YES;
				SDKROOT = iphoneos;
			};
			name = Debug;
		};
		AB25C05E19DF95AA00038E75 /* Release */ = {
			isa = XCBuildConfiguration;
			buildSettings = {
				ALWAYS_SEARCH_USER_PATHS = NO;
				CLANG_CXX_LANGUAGE_STANDARD = "gnu++0x";
				CLANG_CXX_LIBRARY = "libc++";
				CLANG_ENABLE_MODULES = YES;
				CLANG_ENABLE_OBJC_ARC = YES;
				CLANG_WARN_BOOL_CONVERSION = YES;
				CLANG_WARN_CONSTANT_CONVERSION = YES;
				CLANG_WARN_DIRECT_OBJC_ISA_USAGE = YES_ERROR;
				CLANG_WARN_EMPTY_BODY = YES;
				CLANG_WARN_ENUM_CONVERSION = YES;
				CLANG_WARN_INT_CONVERSION = YES;
				CLANG_WARN_OBJC_ROOT_CLASS = YES_ERROR;
				CLANG_WARN__DUPLICATE_METHOD_MATCH = YES;
				COPY_PHASE_STRIP = YES;
				ENABLE_NS_ASSERTIONS = NO;
				GCC_C_LANGUAGE_STANDARD = gnu99;
				GCC_WARN_64_TO_32_BIT_CONVERSION = YES;
				GCC_WARN_ABOUT_RETURN_TYPE = YES_ERROR;
				GCC_WARN_UNDECLARED_SELECTOR = YES;
				GCC_WARN_UNINITIALIZED_AUTOS = YES_AGGRESSIVE;
				GCC_WARN_UNUSED_FUNCTION = YES;
				GCC_WARN_UNUSED_VARIABLE = YES;
				IPHONEOS_DEPLOYMENT_TARGET = 7.1;
				SDKROOT = iphoneos;
				VALIDATE_PRODUCT = YES;
			};
			name = Release;
		};
		AB25C06019DF95AA00038E75 /* Debug */ = {
			isa = XCBuildConfiguration;
			baseConfigurationReference = 44E5641396444807AA772D3D /* Pods.xcconfig */;
			buildSettings = {
				DSTROOT = /tmp/FRY.dst;
				GCC_PRECOMPILE_PREFIX_HEADER = YES;
				GCC_PREFIX_HEADER = "FRY/FRY-Prefix.pch";
				OTHER_LDFLAGS = "-ObjC";
				PRODUCT_NAME = "$(TARGET_NAME)";
				SKIP_INSTALL = YES;
			};
			name = Debug;
		};
		AB25C06119DF95AA00038E75 /* Release */ = {
			isa = XCBuildConfiguration;
			baseConfigurationReference = 44E5641396444807AA772D3D /* Pods.xcconfig */;
			buildSettings = {
				DSTROOT = /tmp/FRY.dst;
				GCC_PRECOMPILE_PREFIX_HEADER = YES;
				GCC_PREFIX_HEADER = "FRY/FRY-Prefix.pch";
				OTHER_LDFLAGS = "-ObjC";
				PRODUCT_NAME = "$(TARGET_NAME)";
				SKIP_INSTALL = YES;
			};
			name = Release;
		};
		AB25C06319DF95AA00038E75 /* Debug */ = {
			isa = XCBuildConfiguration;
			buildSettings = {
				FRAMEWORK_SEARCH_PATHS = (
					"$(SDKROOT)/Developer/Library/Frameworks",
					"$(inherited)",
					"$(DEVELOPER_FRAMEWORKS_DIR)",
				);
				GCC_PRECOMPILE_PREFIX_HEADER = YES;
				GCC_PREFIX_HEADER = "FRY/FRY-Prefix.pch";
				GCC_PREPROCESSOR_DEFINITIONS = (
					"DEBUG=1",
					"$(inherited)",
				);
				INFOPLIST_FILE = "FRYTests/FRYTests-Info.plist";
				PRODUCT_NAME = "$(TARGET_NAME)";
				WRAPPER_EXTENSION = xctest;
			};
			name = Debug;
		};
		AB25C06419DF95AA00038E75 /* Release */ = {
			isa = XCBuildConfiguration;
			buildSettings = {
				FRAMEWORK_SEARCH_PATHS = (
					"$(SDKROOT)/Developer/Library/Frameworks",
					"$(inherited)",
					"$(DEVELOPER_FRAMEWORKS_DIR)",
				);
				GCC_PRECOMPILE_PREFIX_HEADER = YES;
				GCC_PREFIX_HEADER = "FRY/FRY-Prefix.pch";
				INFOPLIST_FILE = "FRYTests/FRYTests-Info.plist";
				PRODUCT_NAME = "$(TARGET_NAME)";
				WRAPPER_EXTENSION = xctest;
			};
			name = Release;
		};
		ABCF04DC1A06AF210000318A /* Debug */ = {
			isa = XCBuildConfiguration;
			buildSettings = {
				ASSETCATALOG_COMPILER_APPICON_NAME = AppIcon;
				CLANG_WARN_UNREACHABLE_CODE = YES;
				"CODE_SIGN_IDENTITY[sdk=iphoneos*]" = "iPhone Developer";
				ENABLE_STRICT_OBJC_MSGSEND = YES;
				GCC_PREPROCESSOR_DEFINITIONS = (
					"DEBUG=1",
					"$(inherited)",
				);
				INFOPLIST_FILE = TestTarget/Info.plist;
				IPHONEOS_DEPLOYMENT_TARGET = 8.0;
				LD_RUNPATH_SEARCH_PATHS = "$(inherited) @executable_path/Frameworks";
				MTL_ENABLE_DEBUG_INFO = YES;
				OTHER_LDFLAGS = "-ObjC";
				PRODUCT_NAME = "$(TARGET_NAME)";
				TARGETED_DEVICE_FAMILY = "1,2";
			};
			name = Debug;
		};
		ABCF04DD1A06AF210000318A /* Release */ = {
			isa = XCBuildConfiguration;
			buildSettings = {
				ASSETCATALOG_COMPILER_APPICON_NAME = AppIcon;
				CLANG_WARN_UNREACHABLE_CODE = YES;
				"CODE_SIGN_IDENTITY[sdk=iphoneos*]" = "iPhone Developer";
				ENABLE_STRICT_OBJC_MSGSEND = YES;
				INFOPLIST_FILE = TestTarget/Info.plist;
				IPHONEOS_DEPLOYMENT_TARGET = 8.0;
				LD_RUNPATH_SEARCH_PATHS = "$(inherited) @executable_path/Frameworks";
				MTL_ENABLE_DEBUG_INFO = NO;
				OTHER_LDFLAGS = "-ObjC";
				PRODUCT_NAME = "$(TARGET_NAME)";
				TARGETED_DEVICE_FAMILY = "1,2";
			};
			name = Release;
		};
		ABCF04DF1A06AF210000318A /* Debug */ = {
			isa = XCBuildConfiguration;
			buildSettings = {
				BUNDLE_LOADER = "$(TEST_HOST)";
				CLANG_WARN_UNREACHABLE_CODE = YES;
				ENABLE_STRICT_OBJC_MSGSEND = YES;
				FRAMEWORK_SEARCH_PATHS = (
					"$(SDKROOT)/Developer/Library/Frameworks",
					"$(inherited)",
				);
				GCC_PREPROCESSOR_DEFINITIONS = (
					"DEBUG=1",
					"$(inherited)",
				);
				INFOPLIST_FILE = TestTargetTests/Info.plist;
				IPHONEOS_DEPLOYMENT_TARGET = 8.0;
				LD_RUNPATH_SEARCH_PATHS = "$(inherited) @executable_path/Frameworks @loader_path/Frameworks";
				MTL_ENABLE_DEBUG_INFO = YES;
				OTHER_LDFLAGS = (
					"$(inherited)",
					"-framework",
					XCTest,
					"-ObjC",
				);
				PRODUCT_NAME = "$(TARGET_NAME)";
				TEST_HOST = "$(BUILT_PRODUCTS_DIR)/TestTarget.app/TestTarget";
			};
			name = Debug;
		};
		ABCF04E01A06AF210000318A /* Release */ = {
			isa = XCBuildConfiguration;
			buildSettings = {
				BUNDLE_LOADER = "$(TEST_HOST)";
				CLANG_WARN_UNREACHABLE_CODE = YES;
				ENABLE_STRICT_OBJC_MSGSEND = YES;
				FRAMEWORK_SEARCH_PATHS = (
					"$(SDKROOT)/Developer/Library/Frameworks",
					"$(inherited)",
				);
				INFOPLIST_FILE = TestTargetTests/Info.plist;
				IPHONEOS_DEPLOYMENT_TARGET = 8.0;
				LD_RUNPATH_SEARCH_PATHS = "$(inherited) @executable_path/Frameworks @loader_path/Frameworks";
				MTL_ENABLE_DEBUG_INFO = NO;
				OTHER_LDFLAGS = (
					"$(inherited)",
					"-framework",
					XCTest,
					"-ObjC",
				);
				PRODUCT_NAME = "$(TARGET_NAME)";
				TEST_HOST = "$(BUILT_PRODUCTS_DIR)/TestTarget.app/TestTarget";
			};
			name = Release;
		};
/* End XCBuildConfiguration section */

/* Begin XCConfigurationList section */
		AB25C03719DF95AA00038E75 /* Build configuration list for PBXProject "FRY" */ = {
			isa = XCConfigurationList;
			buildConfigurations = (
				AB25C05D19DF95AA00038E75 /* Debug */,
				AB25C05E19DF95AA00038E75 /* Release */,
			);
			defaultConfigurationIsVisible = 0;
			defaultConfigurationName = Release;
		};
		AB25C05F19DF95AA00038E75 /* Build configuration list for PBXNativeTarget "FRY" */ = {
			isa = XCConfigurationList;
			buildConfigurations = (
				AB25C06019DF95AA00038E75 /* Debug */,
				AB25C06119DF95AA00038E75 /* Release */,
			);
			defaultConfigurationIsVisible = 0;
			defaultConfigurationName = Release;
		};
		AB25C06219DF95AA00038E75 /* Build configuration list for PBXNativeTarget "FRYTests" */ = {
			isa = XCConfigurationList;
			buildConfigurations = (
				AB25C06319DF95AA00038E75 /* Debug */,
				AB25C06419DF95AA00038E75 /* Release */,
			);
			defaultConfigurationIsVisible = 0;
			defaultConfigurationName = Release;
		};
		ABCF04DB1A06AF210000318A /* Build configuration list for PBXNativeTarget "TestTarget" */ = {
			isa = XCConfigurationList;
			buildConfigurations = (
				ABCF04DC1A06AF210000318A /* Debug */,
				ABCF04DD1A06AF210000318A /* Release */,
			);
			defaultConfigurationIsVisible = 0;
			defaultConfigurationName = Release;
		};
		ABCF04DE1A06AF210000318A /* Build configuration list for PBXNativeTarget "TestTargetTests" */ = {
			isa = XCConfigurationList;
			buildConfigurations = (
				ABCF04DF1A06AF210000318A /* Debug */,
				ABCF04E01A06AF210000318A /* Release */,
			);
			defaultConfigurationIsVisible = 0;
			defaultConfigurationName = Release;
		};
/* End XCConfigurationList section */
	};
	rootObject = AB25C03419DF95AA00038E75 /* Project object */;
}
