// !$*UTF8*$!
{
	archiveVersion = 1;
	classes = {
	};
	objectVersion = 46;
	objects = {

/* Begin PBXBuildFile section */
		AB17BAA51A1C38FA008EC56E /* FRYIdleCheck.m in Sources */ = {isa = PBXBuildFile; fileRef = AB17BAA41A1C38FA008EC56E /* FRYIdleCheck.m */; };
		AB184AD419E85F49007CC9DA /* UIApplication+FRY.m in Sources */ = {isa = PBXBuildFile; fileRef = AB35FCDB19DFA30B00228531 /* UIApplication+FRY.m */; };
		AB184AEE19E8EEC0007CC9DA /* NSRunLoop+FRY.m in Sources */ = {isa = PBXBuildFile; fileRef = AB184AED19E8EEC0007CC9DA /* NSRunLoop+FRY.m */; };
		AB1EAD1D1ACEF31300E739B8 /* README.md in Sources */ = {isa = PBXBuildFile; fileRef = AB1EAD1C1ACEF31300E739B8 /* README.md */; };
		AB25C04019DF95AA00038E75 /* Foundation.framework in Frameworks */ = {isa = PBXBuildFile; fileRef = AB25C03F19DF95AA00038E75 /* Foundation.framework */; };
		AB25C08319DF95ED00038E75 /* UIView+FRY.m in Sources */ = {isa = PBXBuildFile; fileRef = AB25C06919DF95ED00038E75 /* UIView+FRY.m */; };
		AB26597A1A0FBE140074FF2E /* FRYTypist.m in Sources */ = {isa = PBXBuildFile; fileRef = AB2659791A0FBE140074FF2E /* FRYTypist.m */; };
		AB26597D1A0FE7430074FF2E /* UITextInput+FRY.m in Sources */ = {isa = PBXBuildFile; fileRef = AB26597C1A0FE7430074FF2E /* UITextInput+FRY.m */; };
		AB35FCE119DFA6F200228531 /* FRYEventProxy.m in Sources */ = {isa = PBXBuildFile; fileRef = AB35FCDF19DFA6F200228531 /* FRYEventProxy.m */; };
		AB35FCE419DFAEB900228531 /* UITouch+FRY.m in Sources */ = {isa = PBXBuildFile; fileRef = AB35FCE319DFAEB900228531 /* UITouch+FRY.m */; };
		AB35FCF019DFB49100228531 /* FRYActiveTouch.m in Sources */ = {isa = PBXBuildFile; fileRef = AB35FCEB19DFB49100228531 /* FRYActiveTouch.m */; };
		AB35FD7A19E58B5C00228531 /* FRYMethodSwizzling.m in Sources */ = {isa = PBXBuildFile; fileRef = AB35FD6819E4ED6100228531 /* FRYMethodSwizzling.m */; };
		AB5A891E1A07DEC400E44C89 /* NSPredicate+FRY.m in Sources */ = {isa = PBXBuildFile; fileRef = AB5A891D1A07DEC400E44C89 /* NSPredicate+FRY.m */; };
		ABA5782C19E65D1100D77CDA /* FRYDefines.m in Sources */ = {isa = PBXBuildFile; fileRef = ABA5782B19E65D1100D77CDA /* FRYDefines.m */; };
		ABB5E4631AC0C4E100A37788 /* FRYQuery.h in Headers */ = {isa = PBXBuildFile; fileRef = ABB5E4611AC0C4E100A37788 /* FRYQuery.h */; };
		ABB5E4641AC0C4E100A37788 /* FRYQuery.m in Sources */ = {isa = PBXBuildFile; fileRef = ABB5E4621AC0C4E100A37788 /* FRYQuery.m */; };
		ABBDFAF81A9997C5008999A1 /* UIScrollView+FRYScrollingState.m in Sources */ = {isa = PBXBuildFile; fileRef = AB17BAB91A1C4913008EC56E /* UIScrollView+FRYScrollingState.m */; };
		ABBDFAFA1A9999FC008999A1 /* FRY.h in Headers */ = {isa = PBXBuildFile; fileRef = ABCF04AE1A054F460000318A /* FRY.h */; settings = {ATTRIBUTES = (Public, ); }; };
		ABBDFAFB1A9999FC008999A1 /* FRYDefines.h in Headers */ = {isa = PBXBuildFile; fileRef = ABA5782A19E65D1100D77CDA /* FRYDefines.h */; settings = {ATTRIBUTES = (Public, ); }; };
		ABBDFAFD1A9999FC008999A1 /* FRYPointInTime.h in Headers */ = {isa = PBXBuildFile; fileRef = ABC12EBA1A17E28500BD7556 /* FRYPointInTime.h */; settings = {ATTRIBUTES = (Public, ); }; };
		ABBDFAFE1A9999FC008999A1 /* FRYTouch.h in Headers */ = {isa = PBXBuildFile; fileRef = ABC12EBC1A17E28500BD7556 /* FRYTouch.h */; settings = {ATTRIBUTES = (Public, ); }; };
		ABBDFAFF1A9999FC008999A1 /* FRYTouchDispatch.h in Headers */ = {isa = PBXBuildFile; fileRef = ABCF04B11A054F890000318A /* FRYTouchDispatch.h */; settings = {ATTRIBUTES = (Public, ); }; };
		ABBDFB001A9999FC008999A1 /* FRYActiveTouch.h in Headers */ = {isa = PBXBuildFile; fileRef = AB35FCEA19DFB49100228531 /* FRYActiveTouch.h */; settings = {ATTRIBUTES = (Public, ); }; };
		ABBDFB011A9999FC008999A1 /* FRYTypist.h in Headers */ = {isa = PBXBuildFile; fileRef = AB2659781A0FBE140074FF2E /* FRYTypist.h */; settings = {ATTRIBUTES = (Public, ); }; };
		ABBDFB021A9999FC008999A1 /* FRYLookup.h in Headers */ = {isa = PBXBuildFile; fileRef = ABCFAC061A0E7CF4003B91BC /* FRYLookup.h */; settings = {ATTRIBUTES = (Public, ); }; };
		ABBDFB031A9999FC008999A1 /* FRYLookupSupport.h in Headers */ = {isa = PBXBuildFile; fileRef = ABD0269C1A1562D4006EA757 /* FRYLookupSupport.h */; settings = {ATTRIBUTES = (Public, ); }; };
		ABBDFB041A9999FC008999A1 /* NSObject+FRYLookup.h in Headers */ = {isa = PBXBuildFile; fileRef = ABCFAC031A0E7B79003B91BC /* NSObject+FRYLookup.h */; settings = {ATTRIBUTES = (Public, ); }; };
		ABBDFB051A9999FC008999A1 /* NSPredicate+FRY.h in Headers */ = {isa = PBXBuildFile; fileRef = AB5A891C1A07DEC400E44C89 /* NSPredicate+FRY.h */; settings = {ATTRIBUTES = (Public, ); }; };
		ABBDFB061A9999FC008999A1 /* FRYMethodSwizzling.h in Headers */ = {isa = PBXBuildFile; fileRef = AB35FD6719E4ED6100228531 /* FRYMethodSwizzling.h */; settings = {ATTRIBUTES = (Public, ); }; };
		ABBDFB071A9999FC008999A1 /* FRYIdleCheck.h in Headers */ = {isa = PBXBuildFile; fileRef = AB17BAA31A1C38FA008EC56E /* FRYIdleCheck.h */; settings = {ATTRIBUTES = (Public, ); }; };
		ABBDFB081A9999FC008999A1 /* FRYEventProxy.h in Headers */ = {isa = PBXBuildFile; fileRef = AB35FCDE19DFA6F200228531 /* FRYEventProxy.h */; settings = {ATTRIBUTES = (Public, ); }; };
		ABBDFB091A9999FD008999A1 /* UIKit+FRYExposePrivate.h in Headers */ = {isa = PBXBuildFile; fileRef = AB35FCE019DFA6F200228531 /* UIKit+FRYExposePrivate.h */; settings = {ATTRIBUTES = (Public, ); }; };
		ABBDFB0A1A9999FD008999A1 /* UITextInput+FRY.h in Headers */ = {isa = PBXBuildFile; fileRef = AB26597B1A0FE7430074FF2E /* UITextInput+FRY.h */; settings = {ATTRIBUTES = (Public, ); }; };
		ABBDFB0B1A9999FD008999A1 /* UIApplication+FRY.h in Headers */ = {isa = PBXBuildFile; fileRef = AB35FCDA19DFA30B00228531 /* UIApplication+FRY.h */; settings = {ATTRIBUTES = (Public, ); }; };
		ABBDFB0C1A9999FD008999A1 /* UIView+FRY.h in Headers */ = {isa = PBXBuildFile; fileRef = AB25C06819DF95ED00038E75 /* UIView+FRY.h */; settings = {ATTRIBUTES = (Public, ); }; };
		ABBDFB0D1A9999FD008999A1 /* UIPickerView+FRY.h in Headers */ = {isa = PBXBuildFile; fileRef = ABDABF0F1A11820B004FF038 /* UIPickerView+FRY.h */; settings = {ATTRIBUTES = (Public, ); }; };
		ABBDFB0E1A9999FD008999A1 /* UITouch+FRY.h in Headers */ = {isa = PBXBuildFile; fileRef = AB35FCE219DFAEB900228531 /* UITouch+FRY.h */; settings = {ATTRIBUTES = (Public, ); }; };
		ABBDFB0F1A9999FD008999A1 /* UIAccessibility+FRY.h in Headers */ = {isa = PBXBuildFile; fileRef = AB35FD0D19E4DE3500228531 /* UIAccessibility+FRY.h */; settings = {ATTRIBUTES = (Public, ); }; };
		ABBDFB101A9999FD008999A1 /* NSRunLoop+FRY.h in Headers */ = {isa = PBXBuildFile; fileRef = AB184AEC19E8EEC0007CC9DA /* NSRunLoop+FRY.h */; settings = {ATTRIBUTES = (Public, ); }; };
		ABBDFB111A9999FD008999A1 /* UIScrollView+FRY.h in Headers */ = {isa = PBXBuildFile; fileRef = ABC12EC71A192FC900BD7556 /* UIScrollView+FRY.h */; settings = {ATTRIBUTES = (Public, ); }; };
		ABBDFB121A9999FD008999A1 /* UIScrollView+FRYScrollingState.h in Headers */ = {isa = PBXBuildFile; fileRef = AB17BAB81A1C4913008EC56E /* UIScrollView+FRYScrollingState.h */; settings = {ATTRIBUTES = (Public, ); }; };
		ABBEA39F1AC878B900290479 /* FRYTestContext.h in Headers */ = {isa = PBXBuildFile; fileRef = ABBEA39D1AC878B900290479 /* FRYTestContext.h */; };
		ABBEA3A01AC878B900290479 /* FRYTestContext.m in Sources */ = {isa = PBXBuildFile; fileRef = ABBEA39E1AC878B900290479 /* FRYTestContext.m */; };
		ABC12EBE1A17E28500BD7556 /* FRYPointInTime.m in Sources */ = {isa = PBXBuildFile; fileRef = ABC12EBB1A17E28500BD7556 /* FRYPointInTime.m */; };
		ABC12EBF1A17E28500BD7556 /* FRYTouch.m in Sources */ = {isa = PBXBuildFile; fileRef = ABC12EBD1A17E28500BD7556 /* FRYTouch.m */; };
		ABC12EC91A192FC900BD7556 /* UIScrollView+FRY.m in Sources */ = {isa = PBXBuildFile; fileRef = ABC12EC81A192FC900BD7556 /* UIScrollView+FRY.m */; };
		ABCF04B31A054F890000318A /* FRYTouchDispatch.m in Sources */ = {isa = PBXBuildFile; fileRef = ABCF04B21A054F890000318A /* FRYTouchDispatch.m */; };
		ABCF04E71A06F2630000318A /* UIAccessibility+FRY.m in Sources */ = {isa = PBXBuildFile; fileRef = AB35FD0E19E4DE3500228531 /* UIAccessibility+FRY.m */; };
		ABCFAC051A0E7B79003B91BC /* NSObject+FRYLookup.m in Sources */ = {isa = PBXBuildFile; fileRef = ABCFAC041A0E7B79003B91BC /* NSObject+FRYLookup.m */; };
		ABDABF111A11820B004FF038 /* UIPickerView+FRY.m in Sources */ = {isa = PBXBuildFile; fileRef = ABDABF101A11820B004FF038 /* UIPickerView+FRY.m */; };
/* End PBXBuildFile section */

/* Begin PBXCopyFilesBuildPhase section */
		AB25C03A19DF95AA00038E75 /* CopyFiles */ = {
			isa = PBXCopyFilesBuildPhase;
			buildActionMask = 2147483647;
			dstPath = "include/$(PRODUCT_NAME)";
			dstSubfolderSpec = 16;
			files = (
			);
			runOnlyForDeploymentPostprocessing = 0;
		};
/* End PBXCopyFilesBuildPhase section */

/* Begin PBXFileReference section */
		89238CE01CB344F78A59E9AE /* libPods.a */ = {isa = PBXFileReference; explicitFileType = archive.ar; includeInIndex = 0; path = libPods.a; sourceTree = BUILT_PRODUCTS_DIR; };
		AB17BAA31A1C38FA008EC56E /* FRYIdleCheck.h */ = {isa = PBXFileReference; fileEncoding = 4; lastKnownFileType = sourcecode.c.h; path = FRYIdleCheck.h; sourceTree = "<group>"; };
		AB17BAA41A1C38FA008EC56E /* FRYIdleCheck.m */ = {isa = PBXFileReference; fileEncoding = 4; lastKnownFileType = sourcecode.c.objc; path = FRYIdleCheck.m; sourceTree = "<group>"; };
		AB17BAB81A1C4913008EC56E /* UIScrollView+FRYScrollingState.h */ = {isa = PBXFileReference; fileEncoding = 4; lastKnownFileType = sourcecode.c.h; path = "UIScrollView+FRYScrollingState.h"; sourceTree = "<group>"; };
		AB17BAB91A1C4913008EC56E /* UIScrollView+FRYScrollingState.m */ = {isa = PBXFileReference; fileEncoding = 4; lastKnownFileType = sourcecode.c.objc; path = "UIScrollView+FRYScrollingState.m"; sourceTree = "<group>"; };
		AB17BABB1A1C800F008EC56E /* QuartzCore.framework */ = {isa = PBXFileReference; lastKnownFileType = wrapper.framework; name = QuartzCore.framework; path = System/Library/Frameworks/QuartzCore.framework; sourceTree = SDKROOT; };
		AB184AEC19E8EEC0007CC9DA /* NSRunLoop+FRY.h */ = {isa = PBXFileReference; fileEncoding = 4; lastKnownFileType = sourcecode.c.h; path = "NSRunLoop+FRY.h"; sourceTree = "<group>"; };
		AB184AED19E8EEC0007CC9DA /* NSRunLoop+FRY.m */ = {isa = PBXFileReference; fileEncoding = 4; lastKnownFileType = sourcecode.c.objc; path = "NSRunLoop+FRY.m"; sourceTree = "<group>"; };
		AB1EAD1C1ACEF31300E739B8 /* README.md */ = {isa = PBXFileReference; fileEncoding = 4; lastKnownFileType = net.daringfireball.markdown; path = README.md; sourceTree = SOURCE_ROOT; };
		AB25C03C19DF95AA00038E75 /* libFRY.a */ = {isa = PBXFileReference; explicitFileType = archive.ar; includeInIndex = 0; path = libFRY.a; sourceTree = BUILT_PRODUCTS_DIR; };
		AB25C03F19DF95AA00038E75 /* Foundation.framework */ = {isa = PBXFileReference; lastKnownFileType = wrapper.framework; name = Foundation.framework; path = System/Library/Frameworks/Foundation.framework; sourceTree = SDKROOT; };
		AB25C04319DF95AA00038E75 /* FRY-Prefix.pch */ = {isa = PBXFileReference; lastKnownFileType = sourcecode.c.h; path = "FRY-Prefix.pch"; sourceTree = "<group>"; };
		AB25C04D19DF95AA00038E75 /* XCTest.framework */ = {isa = PBXFileReference; lastKnownFileType = wrapper.framework; name = XCTest.framework; path = Library/Frameworks/XCTest.framework; sourceTree = DEVELOPER_DIR; };
		AB25C05019DF95AA00038E75 /* UIKit.framework */ = {isa = PBXFileReference; lastKnownFileType = wrapper.framework; name = UIKit.framework; path = Library/Frameworks/UIKit.framework; sourceTree = DEVELOPER_DIR; };
		AB25C06819DF95ED00038E75 /* UIView+FRY.h */ = {isa = PBXFileReference; fileEncoding = 4; lastKnownFileType = sourcecode.c.h; path = "UIView+FRY.h"; sourceTree = "<group>"; };
		AB25C06919DF95ED00038E75 /* UIView+FRY.m */ = {isa = PBXFileReference; fileEncoding = 4; lastKnownFileType = sourcecode.c.objc; path = "UIView+FRY.m"; sourceTree = "<group>"; };
		AB2659781A0FBE140074FF2E /* FRYTypist.h */ = {isa = PBXFileReference; fileEncoding = 4; lastKnownFileType = sourcecode.c.h; path = FRYTypist.h; sourceTree = "<group>"; };
		AB2659791A0FBE140074FF2E /* FRYTypist.m */ = {isa = PBXFileReference; fileEncoding = 4; lastKnownFileType = sourcecode.c.objc; path = FRYTypist.m; sourceTree = "<group>"; };
		AB26597B1A0FE7430074FF2E /* UITextInput+FRY.h */ = {isa = PBXFileReference; fileEncoding = 4; lastKnownFileType = sourcecode.c.h; path = "UITextInput+FRY.h"; sourceTree = "<group>"; };
		AB26597C1A0FE7430074FF2E /* UITextInput+FRY.m */ = {isa = PBXFileReference; fileEncoding = 4; lastKnownFileType = sourcecode.c.objc; path = "UITextInput+FRY.m"; sourceTree = "<group>"; };
		AB35FCDA19DFA30B00228531 /* UIApplication+FRY.h */ = {isa = PBXFileReference; fileEncoding = 4; lastKnownFileType = sourcecode.c.h; path = "UIApplication+FRY.h"; sourceTree = "<group>"; };
		AB35FCDB19DFA30B00228531 /* UIApplication+FRY.m */ = {isa = PBXFileReference; fileEncoding = 4; lastKnownFileType = sourcecode.c.objc; path = "UIApplication+FRY.m"; sourceTree = "<group>"; };
		AB35FCDE19DFA6F200228531 /* FRYEventProxy.h */ = {isa = PBXFileReference; fileEncoding = 4; lastKnownFileType = sourcecode.c.h; path = FRYEventProxy.h; sourceTree = "<group>"; };
		AB35FCDF19DFA6F200228531 /* FRYEventProxy.m */ = {isa = PBXFileReference; fileEncoding = 4; lastKnownFileType = sourcecode.c.objc; path = FRYEventProxy.m; sourceTree = "<group>"; };
		AB35FCE019DFA6F200228531 /* UIKit+FRYExposePrivate.h */ = {isa = PBXFileReference; fileEncoding = 4; lastKnownFileType = sourcecode.c.h; path = "UIKit+FRYExposePrivate.h"; sourceTree = "<group>"; };
		AB35FCE219DFAEB900228531 /* UITouch+FRY.h */ = {isa = PBXFileReference; fileEncoding = 4; lastKnownFileType = sourcecode.c.h; path = "UITouch+FRY.h"; sourceTree = "<group>"; };
		AB35FCE319DFAEB900228531 /* UITouch+FRY.m */ = {isa = PBXFileReference; fileEncoding = 4; lastKnownFileType = sourcecode.c.objc; path = "UITouch+FRY.m"; sourceTree = "<group>"; };
		AB35FCEA19DFB49100228531 /* FRYActiveTouch.h */ = {isa = PBXFileReference; fileEncoding = 4; lastKnownFileType = sourcecode.c.h; path = FRYActiveTouch.h; sourceTree = "<group>"; };
		AB35FCEB19DFB49100228531 /* FRYActiveTouch.m */ = {isa = PBXFileReference; fileEncoding = 4; lastKnownFileType = sourcecode.c.objc; path = FRYActiveTouch.m; sourceTree = "<group>"; };
		AB35FD0D19E4DE3500228531 /* UIAccessibility+FRY.h */ = {isa = PBXFileReference; fileEncoding = 4; lastKnownFileType = sourcecode.c.h; path = "UIAccessibility+FRY.h"; sourceTree = "<group>"; };
		AB35FD0E19E4DE3500228531 /* UIAccessibility+FRY.m */ = {isa = PBXFileReference; fileEncoding = 4; lastKnownFileType = sourcecode.c.objc; path = "UIAccessibility+FRY.m"; sourceTree = "<group>"; };
		AB35FD6119E4E54F00228531 /* UIKit.framework */ = {isa = PBXFileReference; lastKnownFileType = wrapper.framework; name = UIKit.framework; path = System/Library/Frameworks/UIKit.framework; sourceTree = SDKROOT; };
		AB35FD6719E4ED6100228531 /* FRYMethodSwizzling.h */ = {isa = PBXFileReference; fileEncoding = 4; lastKnownFileType = sourcecode.c.h; path = FRYMethodSwizzling.h; sourceTree = "<group>"; };
		AB35FD6819E4ED6100228531 /* FRYMethodSwizzling.m */ = {isa = PBXFileReference; fileEncoding = 4; lastKnownFileType = sourcecode.c.objc; path = FRYMethodSwizzling.m; sourceTree = "<group>"; };
		AB5A891C1A07DEC400E44C89 /* NSPredicate+FRY.h */ = {isa = PBXFileReference; fileEncoding = 4; lastKnownFileType = sourcecode.c.h; path = "NSPredicate+FRY.h"; sourceTree = "<group>"; };
		AB5A891D1A07DEC400E44C89 /* NSPredicate+FRY.m */ = {isa = PBXFileReference; fileEncoding = 4; lastKnownFileType = sourcecode.c.objc; path = "NSPredicate+FRY.m"; sourceTree = "<group>"; };
		ABA5782A19E65D1100D77CDA /* FRYDefines.h */ = {isa = PBXFileReference; fileEncoding = 4; lastKnownFileType = sourcecode.c.h; path = FRYDefines.h; sourceTree = "<group>"; };
		ABA5782B19E65D1100D77CDA /* FRYDefines.m */ = {isa = PBXFileReference; fileEncoding = 4; lastKnownFileType = sourcecode.c.objc; path = FRYDefines.m; sourceTree = "<group>"; };
		ABB5E4611AC0C4E100A37788 /* FRYQuery.h */ = {isa = PBXFileReference; fileEncoding = 4; lastKnownFileType = sourcecode.c.h; path = FRYQuery.h; sourceTree = "<group>"; };
		ABB5E4621AC0C4E100A37788 /* FRYQuery.m */ = {isa = PBXFileReference; fileEncoding = 4; lastKnownFileType = sourcecode.c.objc; path = FRYQuery.m; sourceTree = "<group>"; };
		ABBDFB2C1A999E14008999A1 /* Info.plist */ = {isa = PBXFileReference; lastKnownFileType = text.plist.xml; path = Info.plist; sourceTree = "<group>"; };
		ABBEA39D1AC878B900290479 /* FRYTestContext.h */ = {isa = PBXFileReference; fileEncoding = 4; lastKnownFileType = sourcecode.c.h; path = FRYTestContext.h; sourceTree = "<group>"; };
		ABBEA39E1AC878B900290479 /* FRYTestContext.m */ = {isa = PBXFileReference; fileEncoding = 4; lastKnownFileType = sourcecode.c.objc; path = FRYTestContext.m; sourceTree = "<group>"; };
		ABBEA3A11AC8E4F500290479 /* Lookup.md */ = {isa = PBXFileReference; fileEncoding = 4; lastKnownFileType = net.daringfireball.markdown; path = Lookup.md; sourceTree = "<group>"; };
		ABBEA3A31AC8F7BE00290479 /* Touch.md */ = {isa = PBXFileReference; lastKnownFileType = net.daringfireball.markdown; path = Touch.md; sourceTree = "<group>"; };
		ABC12EBA1A17E28500BD7556 /* FRYPointInTime.h */ = {isa = PBXFileReference; fileEncoding = 4; lastKnownFileType = sourcecode.c.h; path = FRYPointInTime.h; sourceTree = "<group>"; };
		ABC12EBB1A17E28500BD7556 /* FRYPointInTime.m */ = {isa = PBXFileReference; fileEncoding = 4; lastKnownFileType = sourcecode.c.objc; path = FRYPointInTime.m; sourceTree = "<group>"; };
		ABC12EBC1A17E28500BD7556 /* FRYTouch.h */ = {isa = PBXFileReference; fileEncoding = 4; lastKnownFileType = sourcecode.c.h; path = FRYTouch.h; sourceTree = "<group>"; };
		ABC12EBD1A17E28500BD7556 /* FRYTouch.m */ = {isa = PBXFileReference; fileEncoding = 4; lastKnownFileType = sourcecode.c.objc; path = FRYTouch.m; sourceTree = "<group>"; };
		ABC12EC71A192FC900BD7556 /* UIScrollView+FRY.h */ = {isa = PBXFileReference; fileEncoding = 4; lastKnownFileType = sourcecode.c.h; path = "UIScrollView+FRY.h"; sourceTree = "<group>"; };
		ABC12EC81A192FC900BD7556 /* UIScrollView+FRY.m */ = {isa = PBXFileReference; fileEncoding = 4; lastKnownFileType = sourcecode.c.objc; path = "UIScrollView+FRY.m"; sourceTree = "<group>"; };
		ABCF04AE1A054F460000318A /* FRY.h */ = {isa = PBXFileReference; fileEncoding = 4; lastKnownFileType = sourcecode.c.h; path = FRY.h; sourceTree = "<group>"; };
		ABCF04B11A054F890000318A /* FRYTouchDispatch.h */ = {isa = PBXFileReference; fileEncoding = 4; lastKnownFileType = sourcecode.c.h; path = FRYTouchDispatch.h; sourceTree = "<group>"; };
		ABCF04B21A054F890000318A /* FRYTouchDispatch.m */ = {isa = PBXFileReference; fileEncoding = 4; lastKnownFileType = sourcecode.c.objc; path = FRYTouchDispatch.m; sourceTree = "<group>"; };
		ABCFAC031A0E7B79003B91BC /* NSObject+FRYLookup.h */ = {isa = PBXFileReference; fileEncoding = 4; lastKnownFileType = sourcecode.c.h; path = "NSObject+FRYLookup.h"; sourceTree = "<group>"; };
		ABCFAC041A0E7B79003B91BC /* NSObject+FRYLookup.m */ = {isa = PBXFileReference; fileEncoding = 4; lastKnownFileType = sourcecode.c.objc; path = "NSObject+FRYLookup.m"; sourceTree = "<group>"; };
		ABCFAC061A0E7CF4003B91BC /* FRYLookup.h */ = {isa = PBXFileReference; fileEncoding = 4; lastKnownFileType = sourcecode.c.h; path = FRYLookup.h; sourceTree = "<group>"; };
		ABD0269C1A1562D4006EA757 /* FRYLookupSupport.h */ = {isa = PBXFileReference; lastKnownFileType = sourcecode.c.h; path = FRYLookupSupport.h; sourceTree = "<group>"; };
		ABDABF0F1A11820B004FF038 /* UIPickerView+FRY.h */ = {isa = PBXFileReference; fileEncoding = 4; lastKnownFileType = sourcecode.c.h; path = "UIPickerView+FRY.h"; sourceTree = "<group>"; };
		ABDABF101A11820B004FF038 /* UIPickerView+FRY.m */ = {isa = PBXFileReference; fileEncoding = 4; lastKnownFileType = sourcecode.c.objc; path = "UIPickerView+FRY.m"; sourceTree = "<group>"; };
/* End PBXFileReference section */

/* Begin PBXFrameworksBuildPhase section */
		AB25C03919DF95AA00038E75 /* Frameworks */ = {
			isa = PBXFrameworksBuildPhase;
			buildActionMask = 2147483647;
			files = (
				AB25C04019DF95AA00038E75 /* Foundation.framework in Frameworks */,
			);
			runOnlyForDeploymentPostprocessing = 0;
		};
/* End PBXFrameworksBuildPhase section */

/* Begin PBXGroup section */
		AB17BAA21A1C38FA008EC56E /* Idle */ = {
			isa = PBXGroup;
			children = (
				AB17BAA31A1C38FA008EC56E /* FRYIdleCheck.h */,
				AB17BAA41A1C38FA008EC56E /* FRYIdleCheck.m */,
			);
			path = Idle;
			sourceTree = "<group>";
		};
		AB25C03319DF95AA00038E75 = {
			isa = PBXGroup;
			children = (
				AB1EAD1C1ACEF31300E739B8 /* README.md */,
				AB25C04119DF95AA00038E75 /* FRY */,
				ABBDFB2A1A999E14008999A1 /* FRYTests */,
				AB25C03E19DF95AA00038E75 /* Frameworks */,
				AB25C03D19DF95AA00038E75 /* Products */,
			);
			sourceTree = "<group>";
		};
		AB25C03D19DF95AA00038E75 /* Products */ = {
			isa = PBXGroup;
			children = (
				AB25C03C19DF95AA00038E75 /* libFRY.a */,
			);
			name = Products;
			sourceTree = "<group>";
		};
		AB25C03E19DF95AA00038E75 /* Frameworks */ = {
			isa = PBXGroup;
			children = (
				AB17BABB1A1C800F008EC56E /* QuartzCore.framework */,
				AB35FD6119E4E54F00228531 /* UIKit.framework */,
				AB25C03F19DF95AA00038E75 /* Foundation.framework */,
				AB25C04D19DF95AA00038E75 /* XCTest.framework */,
				AB25C05019DF95AA00038E75 /* UIKit.framework */,
				89238CE01CB344F78A59E9AE /* libPods.a */,
			);
			name = Frameworks;
			sourceTree = "<group>";
		};
		AB25C04119DF95AA00038E75 /* FRY */ = {
			isa = PBXGroup;
			children = (
				ABCF04AE1A054F460000318A /* FRY.h */,
				ABA5782A19E65D1100D77CDA /* FRYDefines.h */,
				ABA5782B19E65D1100D77CDA /* FRYDefines.m */,
				ABED6EA21A16FC9A0009D44A /* DSL */,
				AB35FCE519DFB49100228531 /* Touch */,
				AB2659691A0F26F40074FF2E /* Typing */,
				ABA5780F19E64AE600D77CDA /* Lookup */,
				AB35FD6619E4ED5100228531 /* Utilities */,
				AB17BAA21A1C38FA008EC56E /* Idle */,
				AB35FCDD19DFA6F200228531 /* Private */,
				AB25C06519DF95ED00038E75 /* Categories */,
				AB25C04219DF95AA00038E75 /* Supporting Files */,
			);
			path = FRY;
			sourceTree = "<group>";
		};
		AB25C04219DF95AA00038E75 /* Supporting Files */ = {
			isa = PBXGroup;
			children = (
				AB25C04319DF95AA00038E75 /* FRY-Prefix.pch */,
			);
			name = "Supporting Files";
			sourceTree = "<group>";
		};
		AB25C06519DF95ED00038E75 /* Categories */ = {
			isa = PBXGroup;
			children = (
				AB26597B1A0FE7430074FF2E /* UITextInput+FRY.h */,
				AB26597C1A0FE7430074FF2E /* UITextInput+FRY.m */,
				AB35FCDA19DFA30B00228531 /* UIApplication+FRY.h */,
				AB35FCDB19DFA30B00228531 /* UIApplication+FRY.m */,
				AB25C06819DF95ED00038E75 /* UIView+FRY.h */,
				AB25C06919DF95ED00038E75 /* UIView+FRY.m */,
				ABDABF0F1A11820B004FF038 /* UIPickerView+FRY.h */,
				ABDABF101A11820B004FF038 /* UIPickerView+FRY.m */,
				AB35FCE219DFAEB900228531 /* UITouch+FRY.h */,
				AB35FCE319DFAEB900228531 /* UITouch+FRY.m */,
				AB35FD0D19E4DE3500228531 /* UIAccessibility+FRY.h */,
				AB35FD0E19E4DE3500228531 /* UIAccessibility+FRY.m */,
				AB184AEC19E8EEC0007CC9DA /* NSRunLoop+FRY.h */,
				AB184AED19E8EEC0007CC9DA /* NSRunLoop+FRY.m */,
				ABC12EC71A192FC900BD7556 /* UIScrollView+FRY.h */,
				ABC12EC81A192FC900BD7556 /* UIScrollView+FRY.m */,
				AB17BAB81A1C4913008EC56E /* UIScrollView+FRYScrollingState.h */,
				AB17BAB91A1C4913008EC56E /* UIScrollView+FRYScrollingState.m */,
			);
			path = Categories;
			sourceTree = "<group>";
		};
		AB2659691A0F26F40074FF2E /* Typing */ = {
			isa = PBXGroup;
			children = (
				AB2659781A0FBE140074FF2E /* FRYTypist.h */,
				AB2659791A0FBE140074FF2E /* FRYTypist.m */,
			);
			path = Typing;
			sourceTree = "<group>";
		};
		AB35FCDD19DFA6F200228531 /* Private */ = {
			isa = PBXGroup;
			children = (
				AB35FCDE19DFA6F200228531 /* FRYEventProxy.h */,
				AB35FCDF19DFA6F200228531 /* FRYEventProxy.m */,
				AB35FCE019DFA6F200228531 /* UIKit+FRYExposePrivate.h */,
			);
			path = Private;
			sourceTree = "<group>";
		};
		AB35FCE519DFB49100228531 /* Touch */ = {
			isa = PBXGroup;
			children = (
				ABBEA3A31AC8F7BE00290479 /* Touch.md */,
				ABC12EBA1A17E28500BD7556 /* FRYPointInTime.h */,
				ABC12EBB1A17E28500BD7556 /* FRYPointInTime.m */,
				ABC12EBC1A17E28500BD7556 /* FRYTouch.h */,
				ABC12EBD1A17E28500BD7556 /* FRYTouch.m */,
				ABCF04B11A054F890000318A /* FRYTouchDispatch.h */,
				ABCF04B21A054F890000318A /* FRYTouchDispatch.m */,
				AB35FCEA19DFB49100228531 /* FRYActiveTouch.h */,
				AB35FCEB19DFB49100228531 /* FRYActiveTouch.m */,
			);
			path = Touch;
			sourceTree = "<group>";
		};
		AB35FD6619E4ED5100228531 /* Utilities */ = {
			isa = PBXGroup;
			children = (
				AB35FD6719E4ED6100228531 /* FRYMethodSwizzling.h */,
				AB35FD6819E4ED6100228531 /* FRYMethodSwizzling.m */,
			);
			path = Utilities;
			sourceTree = "<group>";
		};
		ABA5780F19E64AE600D77CDA /* Lookup */ = {
			isa = PBXGroup;
			children = (
				ABBEA3A11AC8E4F500290479 /* Lookup.md */,
				ABCFAC061A0E7CF4003B91BC /* FRYLookup.h */,
				ABD0269C1A1562D4006EA757 /* FRYLookupSupport.h */,
				ABCFAC031A0E7B79003B91BC /* NSObject+FRYLookup.h */,
				ABCFAC041A0E7B79003B91BC /* NSObject+FRYLookup.m */,
				AB5A891C1A07DEC400E44C89 /* NSPredicate+FRY.h */,
				AB5A891D1A07DEC400E44C89 /* NSPredicate+FRY.m */,
			);
			path = Lookup;
			sourceTree = "<group>";
		};
		ABBDFB2A1A999E14008999A1 /* FRYTests */ = {
			isa = PBXGroup;
			children = (
				ABBDFB2B1A999E14008999A1 /* Supporting Files */,
			);
			path = FRYTests;
			sourceTree = "<group>";
		};
		ABBDFB2B1A999E14008999A1 /* Supporting Files */ = {
			isa = PBXGroup;
			children = (
				ABBDFB2C1A999E14008999A1 /* Info.plist */,
			);
			name = "Supporting Files";
			sourceTree = "<group>";
		};
		ABED6EA21A16FC9A0009D44A /* DSL */ = {
			isa = PBXGroup;
			children = (
				ABB5E4611AC0C4E100A37788 /* FRYQuery.h */,
				ABB5E4621AC0C4E100A37788 /* FRYQuery.m */,
				ABBEA39D1AC878B900290479 /* FRYTestContext.h */,
				ABBEA39E1AC878B900290479 /* FRYTestContext.m */,
			);
			path = DSL;
			sourceTree = "<group>";
		};
/* End PBXGroup section */

/* Begin PBXHeadersBuildPhase section */
		ABBDFAF91A9999B7008999A1 /* Headers */ = {
			isa = PBXHeadersBuildPhase;
			buildActionMask = 2147483647;
			files = (
				ABBEA39F1AC878B900290479 /* FRYTestContext.h in Headers */,
				ABBDFAFA1A9999FC008999A1 /* FRY.h in Headers */,
				ABBDFAFB1A9999FC008999A1 /* FRYDefines.h in Headers */,
				ABB5E4631AC0C4E100A37788 /* FRYQuery.h in Headers */,
				ABBDFAFD1A9999FC008999A1 /* FRYPointInTime.h in Headers */,
				ABBDFAFE1A9999FC008999A1 /* FRYTouch.h in Headers */,
				ABBDFAFF1A9999FC008999A1 /* FRYTouchDispatch.h in Headers */,
				ABBDFB001A9999FC008999A1 /* FRYActiveTouch.h in Headers */,
				ABBDFB011A9999FC008999A1 /* FRYTypist.h in Headers */,
				ABBDFB021A9999FC008999A1 /* FRYLookup.h in Headers */,
				ABBDFB031A9999FC008999A1 /* FRYLookupSupport.h in Headers */,
				ABBDFB041A9999FC008999A1 /* NSObject+FRYLookup.h in Headers */,
				ABBDFB051A9999FC008999A1 /* NSPredicate+FRY.h in Headers */,
				ABBDFB061A9999FC008999A1 /* FRYMethodSwizzling.h in Headers */,
				ABBDFB071A9999FC008999A1 /* FRYIdleCheck.h in Headers */,
				ABBDFB081A9999FC008999A1 /* FRYEventProxy.h in Headers */,
				ABBDFB091A9999FD008999A1 /* UIKit+FRYExposePrivate.h in Headers */,
				ABBDFB0A1A9999FD008999A1 /* UITextInput+FRY.h in Headers */,
				ABBDFB0B1A9999FD008999A1 /* UIApplication+FRY.h in Headers */,
				ABBDFB0C1A9999FD008999A1 /* UIView+FRY.h in Headers */,
				ABBDFB0D1A9999FD008999A1 /* UIPickerView+FRY.h in Headers */,
				ABBDFB0E1A9999FD008999A1 /* UITouch+FRY.h in Headers */,
				ABBDFB0F1A9999FD008999A1 /* UIAccessibility+FRY.h in Headers */,
				ABBDFB101A9999FD008999A1 /* NSRunLoop+FRY.h in Headers */,
				ABBDFB111A9999FD008999A1 /* UIScrollView+FRY.h in Headers */,
				ABBDFB121A9999FD008999A1 /* UIScrollView+FRYScrollingState.h in Headers */,
			);
			runOnlyForDeploymentPostprocessing = 0;
		};
/* End PBXHeadersBuildPhase section */

/* Begin PBXNativeTarget section */
		AB25C03B19DF95AA00038E75 /* FRY */ = {
			isa = PBXNativeTarget;
			buildConfigurationList = AB25C05F19DF95AA00038E75 /* Build configuration list for PBXNativeTarget "FRY" */;
			buildPhases = (
				AB25C03819DF95AA00038E75 /* Sources */,
				AB25C03919DF95AA00038E75 /* Frameworks */,
				AB25C03A19DF95AA00038E75 /* CopyFiles */,
				ABBDFAF91A9999B7008999A1 /* Headers */,
			);
			buildRules = (
			);
			dependencies = (
			);
			name = FRY;
			productName = FRY;
			productReference = AB25C03C19DF95AA00038E75 /* libFRY.a */;
			productType = "com.apple.product-type.library.static";
		};
/* End PBXNativeTarget section */

/* Begin PBXProject section */
		AB25C03419DF95AA00038E75 /* Project object */ = {
			isa = PBXProject;
			attributes = {
				LastUpgradeCheck = 0510;
				ORGANIZATIONNAME = Raizlabs;
			};
			buildConfigurationList = AB25C03719DF95AA00038E75 /* Build configuration list for PBXProject "FRY" */;
			compatibilityVersion = "Xcode 3.2";
			developmentRegion = English;
			hasScannedForEncodings = 0;
			knownRegions = (
				en,
				Base,
			);
			mainGroup = AB25C03319DF95AA00038E75;
			productRefGroup = AB25C03D19DF95AA00038E75 /* Products */;
			projectDirPath = "";
			projectRoot = "";
			targets = (
				AB25C03B19DF95AA00038E75 /* FRY */,
			);
		};
/* End PBXProject section */

/* Begin PBXSourcesBuildPhase section */
		AB25C03819DF95AA00038E75 /* Sources */ = {
			isa = PBXSourcesBuildPhase;
			buildActionMask = 2147483647;
			files = (
				AB184AD419E85F49007CC9DA /* UIApplication+FRY.m in Sources */,
				ABA5782C19E65D1100D77CDA /* FRYDefines.m in Sources */,
				ABDABF111A11820B004FF038 /* UIPickerView+FRY.m in Sources */,
				AB17BAA51A1C38FA008EC56E /* FRYIdleCheck.m in Sources */,
				ABBDFAF81A9997C5008999A1 /* UIScrollView+FRYScrollingState.m in Sources */,
				ABCF04B31A054F890000318A /* FRYTouchDispatch.m in Sources */,
				ABB5E4641AC0C4E100A37788 /* FRYQuery.m in Sources */,
				AB25C08319DF95ED00038E75 /* UIView+FRY.m in Sources */,
				AB1EAD1D1ACEF31300E739B8 /* README.md in Sources */,
				ABBEA3A01AC878B900290479 /* FRYTestContext.m in Sources */,
				ABCFAC051A0E7B79003B91BC /* NSObject+FRYLookup.m in Sources */,
				AB35FD7A19E58B5C00228531 /* FRYMethodSwizzling.m in Sources */,
				AB35FCE119DFA6F200228531 /* FRYEventProxy.m in Sources */,
				AB26597D1A0FE7430074FF2E /* UITextInput+FRY.m in Sources */,
				AB35FCF019DFB49100228531 /* FRYActiveTouch.m in Sources */,
				AB184AEE19E8EEC0007CC9DA /* NSRunLoop+FRY.m in Sources */,
				ABC12EBE1A17E28500BD7556 /* FRYPointInTime.m in Sources */,
				ABCF04E71A06F2630000318A /* UIAccessibility+FRY.m in Sources */,
				AB5A891E1A07DEC400E44C89 /* NSPredicate+FRY.m in Sources */,
				ABC12EC91A192FC900BD7556 /* UIScrollView+FRY.m in Sources */,
				AB26597A1A0FBE140074FF2E /* FRYTypist.m in Sources */,
				AB35FCE419DFAEB900228531 /* UITouch+FRY.m in Sources */,
				ABC12EBF1A17E28500BD7556 /* FRYTouch.m in Sources */,
			);
			runOnlyForDeploymentPostprocessing = 0;
		};
/* End PBXSourcesBuildPhase section */

/* Begin XCBuildConfiguration section */
		AB25C05D19DF95AA00038E75 /* Debug */ = {
			isa = XCBuildConfiguration;
			buildSettings = {
				ALWAYS_SEARCH_USER_PATHS = NO;
				CLANG_CXX_LANGUAGE_STANDARD = "gnu++0x";
				CLANG_CXX_LIBRARY = "libc++";
				CLANG_ENABLE_MODULES = YES;
				CLANG_ENABLE_OBJC_ARC = YES;
				CLANG_WARN_BOOL_CONVERSION = YES;
				CLANG_WARN_CONSTANT_CONVERSION = YES;
				CLANG_WARN_DIRECT_OBJC_ISA_USAGE = YES_ERROR;
				CLANG_WARN_EMPTY_BODY = YES;
				CLANG_WARN_ENUM_CONVERSION = YES;
				CLANG_WARN_INT_CONVERSION = YES;
				CLANG_WARN_OBJC_ROOT_CLASS = YES_ERROR;
				CLANG_WARN__DUPLICATE_METHOD_MATCH = YES;
				COPY_PHASE_STRIP = NO;
				GCC_C_LANGUAGE_STANDARD = gnu99;
				GCC_DYNAMIC_NO_PIC = NO;
				GCC_OPTIMIZATION_LEVEL = 0;
				GCC_PREPROCESSOR_DEFINITIONS = (
					"DEBUG=1",
					"$(inherited)",
				);
				GCC_SYMBOLS_PRIVATE_EXTERN = NO;
				GCC_WARN_64_TO_32_BIT_CONVERSION = YES;
				GCC_WARN_ABOUT_RETURN_TYPE = YES_ERROR;
				GCC_WARN_UNDECLARED_SELECTOR = YES;
				GCC_WARN_UNINITIALIZED_AUTOS = YES_AGGRESSIVE;
				GCC_WARN_UNUSED_FUNCTION = YES;
				GCC_WARN_UNUSED_VARIABLE = YES;
				IPHONEOS_DEPLOYMENT_TARGET = 7.1;
				ONLY_ACTIVE_ARCH = YES;
				SDKROOT = iphoneos;
			};
			name = Debug;
		};
		AB25C05E19DF95AA00038E75 /* Release */ = {
			isa = XCBuildConfiguration;
			buildSettings = {
				ALWAYS_SEARCH_USER_PATHS = NO;
				CLANG_CXX_LANGUAGE_STANDARD = "gnu++0x";
				CLANG_CXX_LIBRARY = "libc++";
				CLANG_ENABLE_MODULES = YES;
				CLANG_ENABLE_OBJC_ARC = YES;
				CLANG_WARN_BOOL_CONVERSION = YES;
				CLANG_WARN_CONSTANT_CONVERSION = YES;
				CLANG_WARN_DIRECT_OBJC_ISA_USAGE = YES_ERROR;
				CLANG_WARN_EMPTY_BODY = YES;
				CLANG_WARN_ENUM_CONVERSION = YES;
				CLANG_WARN_INT_CONVERSION = YES;
				CLANG_WARN_OBJC_ROOT_CLASS = YES_ERROR;
				CLANG_WARN__DUPLICATE_METHOD_MATCH = YES;
				COPY_PHASE_STRIP = YES;
				ENABLE_NS_ASSERTIONS = NO;
				GCC_C_LANGUAGE_STANDARD = gnu99;
				GCC_WARN_64_TO_32_BIT_CONVERSION = YES;
				GCC_WARN_ABOUT_RETURN_TYPE = YES_ERROR;
				GCC_WARN_UNDECLARED_SELECTOR = YES;
				GCC_WARN_UNINITIALIZED_AUTOS = YES_AGGRESSIVE;
				GCC_WARN_UNUSED_FUNCTION = YES;
				GCC_WARN_UNUSED_VARIABLE = YES;
				IPHONEOS_DEPLOYMENT_TARGET = 7.1;
				SDKROOT = iphoneos;
				VALIDATE_PRODUCT = YES;
			};
			name = Release;
		};
		AB25C06019DF95AA00038E75 /* Debug */ = {
			isa = XCBuildConfiguration;
			buildSettings = {
				DSTROOT = /tmp/FRY.dst;
				GCC_PRECOMPILE_PREFIX_HEADER = YES;
				GCC_PREFIX_HEADER = "FRY/FRY-Prefix.pch";
				OTHER_LDFLAGS = "-ObjC";
				PRODUCT_NAME = "$(TARGET_NAME)";
				SKIP_INSTALL = YES;
			};
			name = Debug;
		};
		AB25C06119DF95AA00038E75 /* Release */ = {
			isa = XCBuildConfiguration;
			buildSettings = {
				DSTROOT = /tmp/FRY.dst;
				GCC_PRECOMPILE_PREFIX_HEADER = YES;
				GCC_PREFIX_HEADER = "FRY/FRY-Prefix.pch";
				OTHER_LDFLAGS = "-ObjC";
				PRODUCT_NAME = "$(TARGET_NAME)";
				SKIP_INSTALL = YES;
			};
			name = Release;
		};
/* End XCBuildConfiguration section */

/* Begin XCConfigurationList section */
		AB25C03719DF95AA00038E75 /* Build configuration list for PBXProject "FRY" */ = {
			isa = XCConfigurationList;
			buildConfigurations = (
				AB25C05D19DF95AA00038E75 /* Debug */,
				AB25C05E19DF95AA00038E75 /* Release */,
			);
			defaultConfigurationIsVisible = 0;
			defaultConfigurationName = Release;
		};
		AB25C05F19DF95AA00038E75 /* Build configuration list for PBXNativeTarget "FRY" */ = {
			isa = XCConfigurationList;
			buildConfigurations = (
				AB25C06019DF95AA00038E75 /* Debug */,
				AB25C06119DF95AA00038E75 /* Release */,
			);
			defaultConfigurationIsVisible = 0;
			defaultConfigurationName = Release;
		};
/* End XCConfigurationList section */
	};
	rootObject = AB25C03419DF95AA00038E75 /* Project object */;
}
